PODS:
  - BlueIntent (0.8.0):
    - BlueIntent/Foundation (= 0.8.0)
    - BlueIntent/UIKit (= 0.8.0)
  - BlueIntent/Base (0.8.0)
  - BlueIntent/Crypto (0.8.0):
    - BlueIntent/Base
    - CryptoSwift (~> 1.3.1)
  - BlueIntent/DB (0.8.0):
    - BlueIntent/Base
    - BlueIntent/Foundation
    - FMDB (~> 2.7)
  - BlueIntent/Foundation (0.8.0):
    - BlueIntent/Base
  - BlueIntent/Layout (0.8.0):
    - BlueIntent/Base
    - PureLayout (~> 3.1.6)
  - BlueIntent/UIKit (0.8.0):
    - BlueIntent/Base
    - BlueIntent/Foundation
  - CryptoSwift (1.3.2)
  - FMDB (2.7.5):
    - FMDB/standard (= 2.7.5)
  - FMDB/standard (2.7.5)
  - PureLayout (3.1.6)

DEPENDENCIES:
  - BlueIntent (from `../BlueIntent.podspec`)
  - BlueIntent/Crypto (from `../BlueIntent.podspec`)
  - BlueIntent/DB (from `../BlueIntent.podspec`)
  - BlueIntent/Foundation (from `../BlueIntent.podspec`)
  - BlueIntent/Layout (from `../BlueIntent.podspec`)
  - BlueIntent/UIKit (from `../BlueIntent.podspec`)

SPEC REPOS:
  trunk:
    - CryptoSwift
    - FMDB
    - PureLayout

EXTERNAL SOURCES:
  BlueIntent:
    :path: "../BlueIntent.podspec"

SPEC CHECKSUMS:
  BlueIntent: 6e472dbec0052c06817fadb8977d562569b4e76d
  CryptoSwift: 093499be1a94b0cae36e6c26b70870668cb56060
  FMDB: 2ce00b547f966261cd18927a3ddb07cb6f3db82a
  PureLayout: bd3c4ec3a3819ad387c99ebb72c6b129c3ed4d2d

PODFILE CHECKSUM: ced7a1a62cffe9460bde2da40bbc0081407372c2

COCOAPODS: 1.10.0
