// !$*UTF8*$!
{
	archiveVersion = 1;
	classes = {
	};
	objectVersion = 46;
	objects = {

/* Begin PBXBuildFile section */
		1B4EA7D42DD040EBFD4B3473 /* Pods_BlueIntent_Tests.framework in Frameworks */ = {isa = PBXBuildFile; fileRef = 9D67E5F80ECEF3C395C4AE8D /* Pods_BlueIntent_Tests.framework */; };
		5B007DFA264CD305009D3FE5 /* AppDelegate.swift in Sources */ = {isa = PBXBuildFile; fileRef = 5B007DF9264CD305009D3FE5 /* AppDelegate.swift */; };
		5B007DFC264CD305009D3FE5 /* SceneDelegate.swift in Sources */ = {isa = PBXBuildFile; fileRef = 5B007DFB264CD305009D3FE5 /* SceneDelegate.swift */; };
		5B007DFE264CD305009D3FE5 /* ViewController.swift in Sources */ = {isa = PBXBuildFile; fileRef = 5B007DFD264CD305009D3FE5 /* ViewController.swift */; };
		5B007E01264CD305009D3FE5 /* Main.storyboard in Resources */ = {isa = PBXBuildFile; fileRef = 5B007DFF264CD305009D3FE5 /* Main.storyboard */; };
		5B007E03264CD306009D3FE5 /* Assets.xcassets in Resources */ = {isa = PBXBuildFile; fileRef = 5B007E02264CD306009D3FE5 /* Assets.xcassets */; };
		5B007E06264CD306009D3FE5 /* LaunchScreen.storyboard in Resources */ = {isa = PBXBuildFile; fileRef = 5B007E04264CD306009D3FE5 /* LaunchScreen.storyboard */; };
		5B007E11264CD306009D3FE5 /* BlueIntent_BezierPath_ExampleTests.swift in Sources */ = {isa = PBXBuildFile; fileRef = 5B007E10264CD306009D3FE5 /* BlueIntent_BezierPath_ExampleTests.swift */; };
		5B007E1C264CD307009D3FE5 /* BlueIntent_BezierPath_ExampleUITests.swift in Sources */ = {isa = PBXBuildFile; fileRef = 5B007E1B264CD307009D3FE5 /* BlueIntent_BezierPath_ExampleUITests.swift */; };
		5B007E43264D2131009D3FE5 /* CanvasView.swift in Sources */ = {isa = PBXBuildFile; fileRef = 5B007E42264D2131009D3FE5 /* CanvasView.swift */; };
		5B1ACEE22536E6A700F45C49 /* BlueIntentAESTests.swift in Sources */ = {isa = PBXBuildFile; fileRef = 5B1ACEE12536E6A700F45C49 /* BlueIntentAESTests.swift */; };
		5B3942BF2581475A000F668C /* BlueIntentDBTests.swift in Sources */ = {isa = PBXBuildFile; fileRef = 5B3942BE2581475A000F668C /* BlueIntentDBTests.swift */; };
		5B586C1F28F1227400A938D1 /* BlueIntentImageTests.swift in Sources */ = {isa = PBXBuildFile; fileRef = 5B586C1E28F1227400A938D1 /* BlueIntentImageTests.swift */; };
		5B6A407E259B2C860066DFD3 /* BlueIntentColorTests.swift in Sources */ = {isa = PBXBuildFile; fileRef = 5B6A407D259B2C860066DFD3 /* BlueIntentColorTests.swift */; };
		5B85D83029DEB326007EA844 /* UIColorCodableWrapperTests.swift in Sources */ = {isa = PBXBuildFile; fileRef = 5B85D82F29DEB326007EA844 /* UIColorCodableWrapperTests.swift */; };
		5BBD55A825469E92007E762B /* BlueIntent_Watch_Example WatchKit App.app in Embed Watch Content */ = {isa = PBXBuildFile; fileRef = 5BBD55A725469E92007E762B /* BlueIntent_Watch_Example WatchKit App.app */; settings = {ATTRIBUTES = (RemoveHeadersOnCopy, ); }; };
		5BBD55AE25469E92007E762B /* Interface.storyboard in Resources */ = {isa = PBXBuildFile; fileRef = 5BBD55AC25469E92007E762B /* Interface.storyboard */; };
		5BBD55B025469E94007E762B /* Assets.xcassets in Resources */ = {isa = PBXBuildFile; fileRef = 5BBD55AF25469E94007E762B /* Assets.xcassets */; };
		5BBD55B725469E94007E762B /* BlueIntent_Watch_Example WatchKit Extension.appex in Embed App Extensions */ = {isa = PBXBuildFile; fileRef = 5BBD55B625469E94007E762B /* BlueIntent_Watch_Example WatchKit Extension.appex */; settings = {ATTRIBUTES = (RemoveHeadersOnCopy, ); }; };
		5BBD55BC25469E94007E762B /* InterfaceController.swift in Sources */ = {isa = PBXBuildFile; fileRef = 5BBD55BB25469E94007E762B /* InterfaceController.swift */; };
		5BBD55BE25469E94007E762B /* ExtensionDelegate.swift in Sources */ = {isa = PBXBuildFile; fileRef = 5BBD55BD25469E94007E762B /* ExtensionDelegate.swift */; };
		5BBD55C025469E94007E762B /* NotificationController.swift in Sources */ = {isa = PBXBuildFile; fileRef = 5BBD55BF25469E94007E762B /* NotificationController.swift */; };
		5BBD55C225469E94007E762B /* ComplicationController.swift in Sources */ = {isa = PBXBuildFile; fileRef = 5BBD55C125469E94007E762B /* ComplicationController.swift */; };
		5BBD55C425469E95007E762B /* Assets.xcassets in Resources */ = {isa = PBXBuildFile; fileRef = 5BBD55C325469E95007E762B /* Assets.xcassets */; };
		5BEBE72C288D057E0083DF58 /* AppDelegate.swift in Sources */ = {isa = PBXBuildFile; fileRef = 5BEBE72B288D057E0083DF58 /* AppDelegate.swift */; };
		5BEBE72E288D057E0083DF58 /* SceneDelegate.swift in Sources */ = {isa = PBXBuildFile; fileRef = 5BEBE72D288D057E0083DF58 /* SceneDelegate.swift */; };
		5BEBE730288D057E0083DF58 /* ViewController.swift in Sources */ = {isa = PBXBuildFile; fileRef = 5BEBE72F288D057E0083DF58 /* ViewController.swift */; };
		5BEBE733288D057E0083DF58 /* Main.storyboard in Resources */ = {isa = PBXBuildFile; fileRef = 5BEBE731288D057E0083DF58 /* Main.storyboard */; };
		5BEBE735288D05800083DF58 /* Assets.xcassets in Resources */ = {isa = PBXBuildFile; fileRef = 5BEBE734288D05800083DF58 /* Assets.xcassets */; };
		5BEBE738288D05800083DF58 /* LaunchScreen.storyboard in Resources */ = {isa = PBXBuildFile; fileRef = 5BEBE736288D05800083DF58 /* LaunchScreen.storyboard */; };
		607FACD61AFB9204008FA782 /* AppDelegate.swift in Sources */ = {isa = PBXBuildFile; fileRef = 607FACD51AFB9204008FA782 /* AppDelegate.swift */; };
		607FACD81AFB9204008FA782 /* ViewController.swift in Sources */ = {isa = PBXBuildFile; fileRef = 607FACD71AFB9204008FA782 /* ViewController.swift */; };
		607FACDB1AFB9204008FA782 /* Main.storyboard in Resources */ = {isa = PBXBuildFile; fileRef = 607FACD91AFB9204008FA782 /* Main.storyboard */; };
		607FACDD1AFB9204008FA782 /* Images.xcassets in Resources */ = {isa = PBXBuildFile; fileRef = 607FACDC1AFB9204008FA782 /* Images.xcassets */; };
		607FACE01AFB9204008FA782 /* LaunchScreen.xib in Resources */ = {isa = PBXBuildFile; fileRef = 607FACDE1AFB9204008FA782 /* LaunchScreen.xib */; };
		607FACEC1AFB9204008FA782 /* Tests.swift in Sources */ = {isa = PBXBuildFile; fileRef = 607FACEB1AFB9204008FA782 /* Tests.swift */; };
		67B209AAB585A114DF8C1FDE /* Pods_BlueIntent_Example.framework in Frameworks */ = {isa = PBXBuildFile; fileRef = 8024FE4A8AA751D7310266F0 /* Pods_BlueIntent_Example.framework */; };
		9EEA4C410DC7EA61F02CD486 /* Pods_BlueIntent_Watch_Example_WatchKit_Extension.framework in Frameworks */ = {isa = PBXBuildFile; fileRef = 6DA04E03EEB722A9120E81CB /* Pods_BlueIntent_Watch_Example_WatchKit_Extension.framework */; };
		D6DCCCC4EB6B0CCA70DC2A46 /* Pods_BlueIntent_PAGX_Example.framework in Frameworks */ = {isa = PBXBuildFile; fileRef = 851B51FAA74CD218886C4BD5 /* Pods_BlueIntent_PAGX_Example.framework */; };
		F5E569DBE593D22EC5F853DF /* Pods_BlueIntent_BezierPath_Example.framework in Frameworks */ = {isa = PBXBuildFile; fileRef = 4A0D5575C7AE3C811CF753E3 /* Pods_BlueIntent_BezierPath_Example.framework */; };
/* End PBXBuildFile section */

/* Begin PBXContainerItemProxy section */
		5B007E0D264CD306009D3FE5 /* PBXContainerItemProxy */ = {
			isa = PBXContainerItemProxy;
			containerPortal = 607FACC81AFB9204008FA782 /* Project object */;
			proxyType = 1;
			remoteGlobalIDString = 5B007DF6264CD305009D3FE5;
			remoteInfo = BlueIntent_BezierPath_Example;
		};
		5B007E18264CD307009D3FE5 /* PBXContainerItemProxy */ = {
			isa = PBXContainerItemProxy;
			containerPortal = 607FACC81AFB9204008FA782 /* Project object */;
			proxyType = 1;
			remoteGlobalIDString = 5B007DF6264CD305009D3FE5;
			remoteInfo = BlueIntent_BezierPath_Example;
		};
		5BBD55A925469E92007E762B /* PBXContainerItemProxy */ = {
			isa = PBXContainerItemProxy;
			containerPortal = 607FACC81AFB9204008FA782 /* Project object */;
			proxyType = 1;
			remoteGlobalIDString = 5BBD55A625469E92007E762B;
			remoteInfo = "BlueIntent_Watch_Example WatchKit App";
		};
		5BBD55B825469E94007E762B /* PBXContainerItemProxy */ = {
			isa = PBXContainerItemProxy;
			containerPortal = 607FACC81AFB9204008FA782 /* Project object */;
			proxyType = 1;
			remoteGlobalIDString = 5BBD55B525469E94007E762B;
			remoteInfo = "BlueIntent_Watch_Example WatchKit Extension";
		};
		607FACE61AFB9204008FA782 /* PBXContainerItemProxy */ = {
			isa = PBXContainerItemProxy;
			containerPortal = 607FACC81AFB9204008FA782 /* Project object */;
			proxyType = 1;
			remoteGlobalIDString = 607FACCF1AFB9204008FA782;
			remoteInfo = BlueIntent;
		};
/* End PBXContainerItemProxy section */

/* Begin PBXCopyFilesBuildPhase section */
		5BBD55C925469E95007E762B /* Embed Watch Content */ = {
			isa = PBXCopyFilesBuildPhase;
			buildActionMask = 2147483647;
			dstPath = "$(CONTENTS_FOLDER_PATH)/Watch";
			dstSubfolderSpec = 16;
			files = (
				5BBD55A825469E92007E762B /* BlueIntent_Watch_Example WatchKit App.app in Embed Watch Content */,
			);
			name = "Embed Watch Content";
			runOnlyForDeploymentPostprocessing = 0;
		};
		5BBD55CC25469E95007E762B /* Embed App Extensions */ = {
			isa = PBXCopyFilesBuildPhase;
			buildActionMask = 2147483647;
			dstPath = "";
			dstSubfolderSpec = 13;
			files = (
				5BBD55B725469E94007E762B /* BlueIntent_Watch_Example WatchKit Extension.appex in Embed App Extensions */,
			);
			name = "Embed App Extensions";
			runOnlyForDeploymentPostprocessing = 0;
		};
/* End PBXCopyFilesBuildPhase section */

/* Begin PBXFileReference section */
		1754CE2820A1EB3FAA53D99C /* Pods-BlueIntent_PAGX_Example.debug.xcconfig */ = {isa = PBXFileReference; includeInIndex = 1; lastKnownFileType = text.xcconfig; name = "Pods-BlueIntent_PAGX_Example.debug.xcconfig"; path = "Target Support Files/Pods-BlueIntent_PAGX_Example/Pods-BlueIntent_PAGX_Example.debug.xcconfig"; sourceTree = "<group>"; };
		1CAE72AD8744A20DF53C9382 /* Pods-BlueIntent_Watch_Example WatchKit Extension.release.xcconfig */ = {isa = PBXFileReference; includeInIndex = 1; lastKnownFileType = text.xcconfig; name = "Pods-BlueIntent_Watch_Example WatchKit Extension.release.xcconfig"; path = "Target Support Files/Pods-BlueIntent_Watch_Example WatchKit Extension/Pods-BlueIntent_Watch_Example WatchKit Extension.release.xcconfig"; sourceTree = "<group>"; };
		34FDAD6D062300B72152D91D /* Pods-BlueIntent_Watch_Example WatchKit Extension.debug.xcconfig */ = {isa = PBXFileReference; includeInIndex = 1; lastKnownFileType = text.xcconfig; name = "Pods-BlueIntent_Watch_Example WatchKit Extension.debug.xcconfig"; path = "Target Support Files/Pods-BlueIntent_Watch_Example WatchKit Extension/Pods-BlueIntent_Watch_Example WatchKit Extension.debug.xcconfig"; sourceTree = "<group>"; };
		3B058D676181A4B6409DE5F7 /* Pods-BlueIntent_Tests.debug.xcconfig */ = {isa = PBXFileReference; includeInIndex = 1; lastKnownFileType = text.xcconfig; name = "Pods-BlueIntent_Tests.debug.xcconfig"; path = "Target Support Files/Pods-BlueIntent_Tests/Pods-BlueIntent_Tests.debug.xcconfig"; sourceTree = "<group>"; };
		4A0D5575C7AE3C811CF753E3 /* Pods_BlueIntent_BezierPath_Example.framework */ = {isa = PBXFileReference; explicitFileType = wrapper.framework; includeInIndex = 0; path = Pods_BlueIntent_BezierPath_Example.framework; sourceTree = BUILT_PRODUCTS_DIR; };
		4E5DF80085E6A54FD5632C90 /* Pods-BlueIntent_BezierPath_Example.debug.xcconfig */ = {isa = PBXFileReference; includeInIndex = 1; lastKnownFileType = text.xcconfig; name = "Pods-BlueIntent_BezierPath_Example.debug.xcconfig"; path = "Target Support Files/Pods-BlueIntent_BezierPath_Example/Pods-BlueIntent_BezierPath_Example.debug.xcconfig"; sourceTree = "<group>"; };
		5B007DF7264CD305009D3FE5 /* BlueIntent_BezierPath_Example.app */ = {isa = PBXFileReference; explicitFileType = wrapper.application; includeInIndex = 0; path = BlueIntent_BezierPath_Example.app; sourceTree = BUILT_PRODUCTS_DIR; };
		5B007DF9264CD305009D3FE5 /* AppDelegate.swift */ = {isa = PBXFileReference; lastKnownFileType = sourcecode.swift; path = AppDelegate.swift; sourceTree = "<group>"; };
		5B007DFB264CD305009D3FE5 /* SceneDelegate.swift */ = {isa = PBXFileReference; lastKnownFileType = sourcecode.swift; path = SceneDelegate.swift; sourceTree = "<group>"; };
		5B007DFD264CD305009D3FE5 /* ViewController.swift */ = {isa = PBXFileReference; lastKnownFileType = sourcecode.swift; path = ViewController.swift; sourceTree = "<group>"; };
		5B007E00264CD305009D3FE5 /* Base */ = {isa = PBXFileReference; lastKnownFileType = file.storyboard; name = Base; path = Base.lproj/Main.storyboard; sourceTree = "<group>"; };
		5B007E02264CD306009D3FE5 /* Assets.xcassets */ = {isa = PBXFileReference; lastKnownFileType = folder.assetcatalog; path = Assets.xcassets; sourceTree = "<group>"; };
		5B007E05264CD306009D3FE5 /* Base */ = {isa = PBXFileReference; lastKnownFileType = file.storyboard; name = Base; path = Base.lproj/LaunchScreen.storyboard; sourceTree = "<group>"; };
		5B007E07264CD306009D3FE5 /* Info.plist */ = {isa = PBXFileReference; lastKnownFileType = text.plist.xml; path = Info.plist; sourceTree = "<group>"; };
		5B007E0C264CD306009D3FE5 /* BlueIntent_BezierPath_ExampleTests.xctest */ = {isa = PBXFileReference; explicitFileType = wrapper.cfbundle; includeInIndex = 0; path = BlueIntent_BezierPath_ExampleTests.xctest; sourceTree = BUILT_PRODUCTS_DIR; };
		5B007E10264CD306009D3FE5 /* BlueIntent_BezierPath_ExampleTests.swift */ = {isa = PBXFileReference; lastKnownFileType = sourcecode.swift; path = BlueIntent_BezierPath_ExampleTests.swift; sourceTree = "<group>"; };
		5B007E12264CD306009D3FE5 /* Info.plist */ = {isa = PBXFileReference; lastKnownFileType = text.plist.xml; path = Info.plist; sourceTree = "<group>"; };
		5B007E17264CD307009D3FE5 /* BlueIntent_BezierPath_ExampleUITests.xctest */ = {isa = PBXFileReference; explicitFileType = wrapper.cfbundle; includeInIndex = 0; path = BlueIntent_BezierPath_ExampleUITests.xctest; sourceTree = BUILT_PRODUCTS_DIR; };
		5B007E1B264CD307009D3FE5 /* BlueIntent_BezierPath_ExampleUITests.swift */ = {isa = PBXFileReference; lastKnownFileType = sourcecode.swift; path = BlueIntent_BezierPath_ExampleUITests.swift; sourceTree = "<group>"; };
		5B007E1D264CD307009D3FE5 /* Info.plist */ = {isa = PBXFileReference; lastKnownFileType = text.plist.xml; path = Info.plist; sourceTree = "<group>"; };
		5B007E42264D2131009D3FE5 /* CanvasView.swift */ = {isa = PBXFileReference; lastKnownFileType = sourcecode.swift; path = CanvasView.swift; sourceTree = "<group>"; };
		5B19B880252F394B00C1B54C /* BlueIntent.swift */ = {isa = PBXFileReference; lastKnownFileType = sourcecode.swift; name = BlueIntent.swift; path = ../BlueIntent/Classes/Base/BlueIntent.swift; sourceTree = "<group>"; };
		5B19B897252F3C3900C1B54C /* BlueIntentCompatible.swift */ = {isa = PBXFileReference; lastKnownFileType = sourcecode.swift; name = BlueIntentCompatible.swift; path = ../BlueIntent/Classes/Base/BlueIntentCompatible.swift; sourceTree = "<group>"; };
		5B19B89A252F3D2B00C1B54C /* BlueIntentApp.swift */ = {isa = PBXFileReference; lastKnownFileType = sourcecode.swift; name = BlueIntentApp.swift; path = ../BlueIntent/Classes/Foundation/BlueIntentApp.swift; sourceTree = "<group>"; };
		5B19B8A4252F3D5700C1B54C /* Array+BlueIntent.swift */ = {isa = PBXFileReference; lastKnownFileType = sourcecode.swift; name = "Array+BlueIntent.swift"; path = "../BlueIntent/Classes/Foundation/Array+BlueIntent.swift"; sourceTree = "<group>"; };
		5B19B8A8252F3D8100C1B54C /* String+BlueIntent.swift */ = {isa = PBXFileReference; lastKnownFileType = sourcecode.swift; name = "String+BlueIntent.swift"; path = "../BlueIntent/Classes/Foundation/String+BlueIntent.swift"; sourceTree = "<group>"; };
		5B19B8AC252F3DAA00C1B54C /* Optional+BlueIntent.swift */ = {isa = PBXFileReference; lastKnownFileType = sourcecode.swift; name = "Optional+BlueIntent.swift"; path = "../BlueIntent/Classes/Foundation/Optional+BlueIntent.swift"; sourceTree = "<group>"; };
		5B1ACEB02536DB6F00F45C49 /* BlueIntentAES.swift */ = {isa = PBXFileReference; lastKnownFileType = sourcecode.swift; name = BlueIntentAES.swift; path = ../BlueIntent/Classes/Crypto/BlueIntentAES.swift; sourceTree = "<group>"; };
		5B1ACEE12536E6A700F45C49 /* BlueIntentAESTests.swift */ = {isa = PBXFileReference; lastKnownFileType = sourcecode.swift; path = BlueIntentAESTests.swift; sourceTree = "<group>"; };
		5B2CD21F267B340300A814A1 /* BlueIntentControllerTransitioning.swift */ = {isa = PBXFileReference; lastKnownFileType = sourcecode.swift; name = BlueIntentControllerTransitioning.swift; path = ../BlueIntent/ControllerTransitioning/Classes/BlueIntentControllerTransitioning.swift; sourceTree = "<group>"; };
		5B2CD220267B345500A814A1 /* BlueIntentControllerTransitioningPresent.swift */ = {isa = PBXFileReference; lastKnownFileType = sourcecode.swift; name = BlueIntentControllerTransitioningPresent.swift; path = ../BlueIntent/ControllerTransitioning/Classes/BlueIntentControllerTransitioningPresent.swift; sourceTree = "<group>"; };
		5B3942BE2581475A000F668C /* BlueIntentDBTests.swift */ = {isa = PBXFileReference; lastKnownFileType = sourcecode.swift; path = BlueIntentDBTests.swift; sourceTree = "<group>"; };
		5B3DCFF528DC3BC3007EFA31 /* UIImage+BlueIntent.swift */ = {isa = PBXFileReference; lastKnownFileType = sourcecode.swift; name = "UIImage+BlueIntent.swift"; path = "../BlueIntent/Classes/UIKit/UIImage+BlueIntent.swift"; sourceTree = "<group>"; };
		5B4E58062648075100564F43 /* BlueIntentMath.swift */ = {isa = PBXFileReference; lastKnownFileType = sourcecode.swift; name = BlueIntentMath.swift; path = ../BlueIntent/Classes/Foundation/BlueIntentMath.swift; sourceTree = "<group>"; };
		5B586C1E28F1227400A938D1 /* BlueIntentImageTests.swift */ = {isa = PBXFileReference; lastKnownFileType = sourcecode.swift; path = BlueIntentImageTests.swift; sourceTree = "<group>"; };
		5B6A407D259B2C860066DFD3 /* BlueIntentColorTests.swift */ = {isa = PBXFileReference; lastKnownFileType = sourcecode.swift; path = BlueIntentColorTests.swift; sourceTree = "<group>"; };
		5B6A40DB259C89160066DFD3 /* UIView+BlueIntent.swift */ = {isa = PBXFileReference; lastKnownFileType = sourcecode.swift; name = "UIView+BlueIntent.swift"; path = "../BlueIntent/Classes/UIKit/UIView+BlueIntent.swift"; sourceTree = "<group>"; };
		5B85D82E29DEAFBC007EA844 /* UIColorCodableWrapper.swift */ = {isa = PBXFileReference; lastKnownFileType = sourcecode.swift; name = UIColorCodableWrapper.swift; path = ../BlueIntent/Classes/UIKit/UIColorCodableWrapper.swift; sourceTree = "<group>"; };
		5B85D82F29DEB326007EA844 /* UIColorCodableWrapperTests.swift */ = {isa = PBXFileReference; lastKnownFileType = sourcecode.swift; path = UIColorCodableWrapperTests.swift; sourceTree = "<group>"; };
		5B8CE2E1253031C70087F739 /* BlueIntentAppleLogin.swift */ = {isa = PBXFileReference; lastKnownFileType = sourcecode.swift; name = BlueIntentAppleLogin.swift; path = ../BlueIntent/Classes/AppleLogin/BlueIntentAppleLogin.swift; sourceTree = "<group>"; };
		5B8CE5902531591F0087F739 /* BlueIntentLayout.swift */ = {isa = PBXFileReference; lastKnownFileType = sourcecode.swift; name = BlueIntentLayout.swift; path = ../BlueIntent/Classes/Layout/BlueIntentLayout.swift; sourceTree = "<group>"; };
		5B9CE27C264A941E0025B172 /* BlueIntentBezierPath.swift */ = {isa = PBXFileReference; lastKnownFileType = sourcecode.swift; name = BlueIntentBezierPath.swift; path = ../BlueIntent/Classes/BezierPath/BlueIntentBezierPath.swift; sourceTree = "<group>"; };
		5B9CE27D264A942F0025B172 /* BlueIntentBezierPathUIKit.swift */ = {isa = PBXFileReference; lastKnownFileType = sourcecode.swift; name = BlueIntentBezierPathUIKit.swift; path = ../BlueIntent/Classes/BezierPath/BlueIntentBezierPathUIKit.swift; sourceTree = "<group>"; };
		5BBD555C25467D2D007E762B /* BlueIntentColor.swift */ = {isa = PBXFileReference; lastKnownFileType = sourcecode.swift; name = BlueIntentColor.swift; path = ../BlueIntent/Classes/UIKit/BlueIntentColor.swift; sourceTree = "<group>"; };
		5BBD55A425469E92007E762B /* BlueIntent_Watch_Example.app */ = {isa = PBXFileReference; explicitFileType = wrapper.application; includeInIndex = 0; path = BlueIntent_Watch_Example.app; sourceTree = BUILT_PRODUCTS_DIR; };
		5BBD55A725469E92007E762B /* BlueIntent_Watch_Example WatchKit App.app */ = {isa = PBXFileReference; explicitFileType = wrapper.application; includeInIndex = 0; path = "BlueIntent_Watch_Example WatchKit App.app"; sourceTree = BUILT_PRODUCTS_DIR; };
		5BBD55AD25469E92007E762B /* Base */ = {isa = PBXFileReference; lastKnownFileType = file.storyboard; name = Base; path = Base.lproj/Interface.storyboard; sourceTree = "<group>"; };
		5BBD55AF25469E94007E762B /* Assets.xcassets */ = {isa = PBXFileReference; lastKnownFileType = folder.assetcatalog; path = Assets.xcassets; sourceTree = "<group>"; };
		5BBD55B125469E94007E762B /* Info.plist */ = {isa = PBXFileReference; lastKnownFileType = text.plist.xml; path = Info.plist; sourceTree = "<group>"; };
		5BBD55B625469E94007E762B /* BlueIntent_Watch_Example WatchKit Extension.appex */ = {isa = PBXFileReference; explicitFileType = "wrapper.app-extension"; includeInIndex = 0; path = "BlueIntent_Watch_Example WatchKit Extension.appex"; sourceTree = BUILT_PRODUCTS_DIR; };
		5BBD55BB25469E94007E762B /* InterfaceController.swift */ = {isa = PBXFileReference; lastKnownFileType = sourcecode.swift; path = InterfaceController.swift; sourceTree = "<group>"; };
		5BBD55BD25469E94007E762B /* ExtensionDelegate.swift */ = {isa = PBXFileReference; lastKnownFileType = sourcecode.swift; path = ExtensionDelegate.swift; sourceTree = "<group>"; };
		5BBD55BF25469E94007E762B /* NotificationController.swift */ = {isa = PBXFileReference; lastKnownFileType = sourcecode.swift; path = NotificationController.swift; sourceTree = "<group>"; };
		5BBD55C125469E94007E762B /* ComplicationController.swift */ = {isa = PBXFileReference; lastKnownFileType = sourcecode.swift; path = ComplicationController.swift; sourceTree = "<group>"; };
		5BBD55C325469E95007E762B /* Assets.xcassets */ = {isa = PBXFileReference; lastKnownFileType = folder.assetcatalog; path = Assets.xcassets; sourceTree = "<group>"; };
		5BBD55C525469E95007E762B /* Info.plist */ = {isa = PBXFileReference; lastKnownFileType = text.plist.xml; path = Info.plist; sourceTree = "<group>"; };
		5BBD55C625469E95007E762B /* PushNotificationPayload.apns */ = {isa = PBXFileReference; lastKnownFileType = text; path = PushNotificationPayload.apns; sourceTree = "<group>"; };
		5BC2E3C2257E004E0091F416 /* BlueIntentDB.swift */ = {isa = PBXFileReference; lastKnownFileType = sourcecode.swift; name = BlueIntentDB.swift; path = ../BlueIntent/Classes/DB/BlueIntentDB.swift; sourceTree = "<group>"; };
		5BEBE729288D057E0083DF58 /* BlueIntent_PAGX_Example.app */ = {isa = PBXFileReference; explicitFileType = wrapper.application; includeInIndex = 0; path = BlueIntent_PAGX_Example.app; sourceTree = BUILT_PRODUCTS_DIR; };
		5BEBE72B288D057E0083DF58 /* AppDelegate.swift */ = {isa = PBXFileReference; lastKnownFileType = sourcecode.swift; path = AppDelegate.swift; sourceTree = "<group>"; };
		5BEBE72D288D057E0083DF58 /* SceneDelegate.swift */ = {isa = PBXFileReference; lastKnownFileType = sourcecode.swift; path = SceneDelegate.swift; sourceTree = "<group>"; };
		5BEBE72F288D057E0083DF58 /* ViewController.swift */ = {isa = PBXFileReference; lastKnownFileType = sourcecode.swift; path = ViewController.swift; sourceTree = "<group>"; };
		5BEBE732288D057E0083DF58 /* Base */ = {isa = PBXFileReference; lastKnownFileType = file.storyboard; name = Base; path = Base.lproj/Main.storyboard; sourceTree = "<group>"; };
		5BEBE734288D05800083DF58 /* Assets.xcassets */ = {isa = PBXFileReference; lastKnownFileType = folder.assetcatalog; path = Assets.xcassets; sourceTree = "<group>"; };
		5BEBE737288D05800083DF58 /* Base */ = {isa = PBXFileReference; lastKnownFileType = file.storyboard; name = Base; path = Base.lproj/LaunchScreen.storyboard; sourceTree = "<group>"; };
		5BEBE739288D05800083DF58 /* Info.plist */ = {isa = PBXFileReference; lastKnownFileType = text.plist.xml; path = Info.plist; sourceTree = "<group>"; };
		5BF15A48288D4F2B001AE4C8 /* PAGView+BlueIntent.swift */ = {isa = PBXFileReference; fileEncoding = 4; lastKnownFileType = sourcecode.swift; name = "PAGView+BlueIntent.swift"; path = "Classes/PAGView+BlueIntent.swift"; sourceTree = "<group>"; };
		5BF15A49288D4F2B001AE4C8 /* PAGX.swift */ = {isa = PBXFileReference; fileEncoding = 4; lastKnownFileType = sourcecode.swift; name = PAGX.swift; path = Classes/PAGX.swift; sourceTree = "<group>"; };
		5BF15A4C288D5012001AE4C8 /* PAGCoder.swift */ = {isa = PBXFileReference; lastKnownFileType = sourcecode.swift; name = PAGCoder.swift; path = Classes/PAGCoder.swift; sourceTree = "<group>"; };
		607FACD01AFB9204008FA782 /* BlueIntent_Example.app */ = {isa = PBXFileReference; explicitFileType = wrapper.application; includeInIndex = 0; path = BlueIntent_Example.app; sourceTree = BUILT_PRODUCTS_DIR; };
		607FACD41AFB9204008FA782 /* Info.plist */ = {isa = PBXFileReference; lastKnownFileType = text.plist.xml; path = Info.plist; sourceTree = "<group>"; };
		607FACD51AFB9204008FA782 /* AppDelegate.swift */ = {isa = PBXFileReference; lastKnownFileType = sourcecode.swift; path = AppDelegate.swift; sourceTree = "<group>"; };
		607FACD71AFB9204008FA782 /* ViewController.swift */ = {isa = PBXFileReference; lastKnownFileType = sourcecode.swift; path = ViewController.swift; sourceTree = "<group>"; };
		607FACDA1AFB9204008FA782 /* Base */ = {isa = PBXFileReference; lastKnownFileType = file.storyboard; name = Base; path = Base.lproj/Main.storyboard; sourceTree = "<group>"; };
		607FACDC1AFB9204008FA782 /* Images.xcassets */ = {isa = PBXFileReference; lastKnownFileType = folder.assetcatalog; path = Images.xcassets; sourceTree = "<group>"; };
		607FACDF1AFB9204008FA782 /* Base */ = {isa = PBXFileReference; lastKnownFileType = file.xib; name = Base; path = Base.lproj/LaunchScreen.xib; sourceTree = "<group>"; };
		607FACE51AFB9204008FA782 /* BlueIntent_Tests.xctest */ = {isa = PBXFileReference; explicitFileType = wrapper.cfbundle; includeInIndex = 0; path = BlueIntent_Tests.xctest; sourceTree = BUILT_PRODUCTS_DIR; };
		607FACEA1AFB9204008FA782 /* Info.plist */ = {isa = PBXFileReference; lastKnownFileType = text.plist.xml; path = Info.plist; sourceTree = "<group>"; };
		607FACEB1AFB9204008FA782 /* Tests.swift */ = {isa = PBXFileReference; lastKnownFileType = sourcecode.swift; path = Tests.swift; sourceTree = "<group>"; };
		6DA04E03EEB722A9120E81CB /* Pods_BlueIntent_Watch_Example_WatchKit_Extension.framework */ = {isa = PBXFileReference; explicitFileType = wrapper.framework; includeInIndex = 0; path = Pods_BlueIntent_Watch_Example_WatchKit_Extension.framework; sourceTree = BUILT_PRODUCTS_DIR; };
		7C3C0D06F07EC524AC5AC22C /* BlueIntent.podspec */ = {isa = PBXFileReference; includeInIndex = 1; lastKnownFileType = text; name = BlueIntent.podspec; path = ../BlueIntent.podspec; sourceTree = "<group>"; xcLanguageSpecificationIdentifier = xcode.lang.ruby; };
		8024FE4A8AA751D7310266F0 /* Pods_BlueIntent_Example.framework */ = {isa = PBXFileReference; explicitFileType = wrapper.framework; includeInIndex = 0; path = Pods_BlueIntent_Example.framework; sourceTree = BUILT_PRODUCTS_DIR; };
		840B42A2264ADF2B00A95869 /* BlueIntentYYText.h */ = {isa = PBXFileReference; lastKnownFileType = sourcecode.c.h; name = BlueIntentYYText.h; path = ../BlueIntent/Classes/BezierPath/BlueIntentYYText.h; sourceTree = "<group>"; };
		840B42A3264ADF2B00A95869 /* BlueIntentYYText.m */ = {isa = PBXFileReference; lastKnownFileType = sourcecode.c.objc; name = BlueIntentYYText.m; path = ../BlueIntent/Classes/BezierPath/BlueIntentYYText.m; sourceTree = "<group>"; };
		851B51FAA74CD218886C4BD5 /* Pods_BlueIntent_PAGX_Example.framework */ = {isa = PBXFileReference; explicitFileType = wrapper.framework; includeInIndex = 0; path = Pods_BlueIntent_PAGX_Example.framework; sourceTree = BUILT_PRODUCTS_DIR; };
		8A8420186A39DB93996F6D1E /* Pods-BlueIntent_Tests.release.xcconfig */ = {isa = PBXFileReference; includeInIndex = 1; lastKnownFileType = text.xcconfig; name = "Pods-BlueIntent_Tests.release.xcconfig"; path = "Target Support Files/Pods-BlueIntent_Tests/Pods-BlueIntent_Tests.release.xcconfig"; sourceTree = "<group>"; };
		9380DB111A8F55FDEDF2A022 /* Pods-BlueIntent_BezierPath_Example.release.xcconfig */ = {isa = PBXFileReference; includeInIndex = 1; lastKnownFileType = text.xcconfig; name = "Pods-BlueIntent_BezierPath_Example.release.xcconfig"; path = "Target Support Files/Pods-BlueIntent_BezierPath_Example/Pods-BlueIntent_BezierPath_Example.release.xcconfig"; sourceTree = "<group>"; };
		9D67E5F80ECEF3C395C4AE8D /* Pods_BlueIntent_Tests.framework */ = {isa = PBXFileReference; explicitFileType = wrapper.framework; includeInIndex = 0; path = Pods_BlueIntent_Tests.framework; sourceTree = BUILT_PRODUCTS_DIR; };
		B13C74B5904B126B9A9E8897 /* Pods-BlueIntent_Example.release.xcconfig */ = {isa = PBXFileReference; includeInIndex = 1; lastKnownFileType = text.xcconfig; name = "Pods-BlueIntent_Example.release.xcconfig"; path = "Target Support Files/Pods-BlueIntent_Example/Pods-BlueIntent_Example.release.xcconfig"; sourceTree = "<group>"; };
		BFD497FFB10F4F74C6FABDAB /* README.md */ = {isa = PBXFileReference; includeInIndex = 1; lastKnownFileType = net.daringfireball.markdown; name = README.md; path = ../README.md; sourceTree = "<group>"; };
		CA4363287F0FFD1066F34EF7 /* Pods-BlueIntent_Example.debug.xcconfig */ = {isa = PBXFileReference; includeInIndex = 1; lastKnownFileType = text.xcconfig; name = "Pods-BlueIntent_Example.debug.xcconfig"; path = "Target Support Files/Pods-BlueIntent_Example/Pods-BlueIntent_Example.debug.xcconfig"; sourceTree = "<group>"; };
		D900086B184C4F3BCF1C9D77 /* LICENSE */ = {isa = PBXFileReference; includeInIndex = 1; lastKnownFileType = text; name = LICENSE; path = ../LICENSE; sourceTree = "<group>"; };
		F128F41CDE70D5CCDBCC6273 /* Pods-BlueIntent_PAGX_Example.release.xcconfig */ = {isa = PBXFileReference; includeInIndex = 1; lastKnownFileType = text.xcconfig; name = "Pods-BlueIntent_PAGX_Example.release.xcconfig"; path = "Target Support Files/Pods-BlueIntent_PAGX_Example/Pods-BlueIntent_PAGX_Example.release.xcconfig"; sourceTree = "<group>"; };
/* End PBXFileReference section */

/* Begin PBXFrameworksBuildPhase section */
		5251A1CB09C3F69280A2A024 /* Frameworks */ = {
			isa = PBXFrameworksBuildPhase;
			buildActionMask = 2147483647;
			files = (
			);
			runOnlyForDeploymentPostprocessing = 0;
		};
		5B007DF4264CD305009D3FE5 /* Frameworks */ = {
			isa = PBXFrameworksBuildPhase;
			buildActionMask = 2147483647;
			files = (
				F5E569DBE593D22EC5F853DF /* Pods_BlueIntent_BezierPath_Example.framework in Frameworks */,
			);
			runOnlyForDeploymentPostprocessing = 0;
		};
		5B007E09264CD306009D3FE5 /* Frameworks */ = {
			isa = PBXFrameworksBuildPhase;
			buildActionMask = 2147483647;
			files = (
			);
			runOnlyForDeploymentPostprocessing = 0;
		};
		5B007E14264CD307009D3FE5 /* Frameworks */ = {
			isa = PBXFrameworksBuildPhase;
			buildActionMask = 2147483647;
			files = (
			);
			runOnlyForDeploymentPostprocessing = 0;
		};
		5BBD55B325469E94007E762B /* Frameworks */ = {
			isa = PBXFrameworksBuildPhase;
			buildActionMask = 2147483647;
			files = (
				9EEA4C410DC7EA61F02CD486 /* Pods_BlueIntent_Watch_Example_WatchKit_Extension.framework in Frameworks */,
			);
			runOnlyForDeploymentPostprocessing = 0;
		};
		5BEBE726288D057E0083DF58 /* Frameworks */ = {
			isa = PBXFrameworksBuildPhase;
			buildActionMask = 2147483647;
			files = (
				D6DCCCC4EB6B0CCA70DC2A46 /* Pods_BlueIntent_PAGX_Example.framework in Frameworks */,
			);
			runOnlyForDeploymentPostprocessing = 0;
		};
		607FACCD1AFB9204008FA782 /* Frameworks */ = {
			isa = PBXFrameworksBuildPhase;
			buildActionMask = 2147483647;
			files = (
				67B209AAB585A114DF8C1FDE /* Pods_BlueIntent_Example.framework in Frameworks */,
			);
			runOnlyForDeploymentPostprocessing = 0;
		};
		607FACE21AFB9204008FA782 /* Frameworks */ = {
			isa = PBXFrameworksBuildPhase;
			buildActionMask = 2147483647;
			files = (
				1B4EA7D42DD040EBFD4B3473 /* Pods_BlueIntent_Tests.framework in Frameworks */,
			);
			runOnlyForDeploymentPostprocessing = 0;
		};
		B2FF2D27F2A189AC7F6E028B /* Frameworks */ = {
			isa = PBXFrameworksBuildPhase;
			buildActionMask = 2147483647;
			files = (
			);
			runOnlyForDeploymentPostprocessing = 0;
		};
/* End PBXFrameworksBuildPhase section */

/* Begin PBXGroup section */
		113B9C7B47393611492C8C4B /* Frameworks */ = {
			isa = PBXGroup;
			children = (
				8024FE4A8AA751D7310266F0 /* Pods_BlueIntent_Example.framework */,
				9D67E5F80ECEF3C395C4AE8D /* Pods_BlueIntent_Tests.framework */,
				6DA04E03EEB722A9120E81CB /* Pods_BlueIntent_Watch_Example_WatchKit_Extension.framework */,
				4A0D5575C7AE3C811CF753E3 /* Pods_BlueIntent_BezierPath_Example.framework */,
				851B51FAA74CD218886C4BD5 /* Pods_BlueIntent_PAGX_Example.framework */,
			);
			name = Frameworks;
			sourceTree = "<group>";
		};
		5B007DF8264CD305009D3FE5 /* BlueIntent_BezierPath_Example */ = {
			isa = PBXGroup;
			children = (
				5B007DF9264CD305009D3FE5 /* AppDelegate.swift */,
				5B007DFB264CD305009D3FE5 /* SceneDelegate.swift */,
				5B007DFD264CD305009D3FE5 /* ViewController.swift */,
				5B007E42264D2131009D3FE5 /* CanvasView.swift */,
				5B007DFF264CD305009D3FE5 /* Main.storyboard */,
				5B007E02264CD306009D3FE5 /* Assets.xcassets */,
				5B007E04264CD306009D3FE5 /* LaunchScreen.storyboard */,
				5B007E07264CD306009D3FE5 /* Info.plist */,
			);
			path = BlueIntent_BezierPath_Example;
			sourceTree = "<group>";
		};
		5B007E0F264CD306009D3FE5 /* BlueIntent_BezierPath_ExampleTests */ = {
			isa = PBXGroup;
			children = (
				5B007E10264CD306009D3FE5 /* BlueIntent_BezierPath_ExampleTests.swift */,
				5B007E12264CD306009D3FE5 /* Info.plist */,
			);
			path = BlueIntent_BezierPath_ExampleTests;
			sourceTree = "<group>";
		};
		5B007E1A264CD307009D3FE5 /* BlueIntent_BezierPath_ExampleUITests */ = {
			isa = PBXGroup;
			children = (
				5B007E1B264CD307009D3FE5 /* BlueIntent_BezierPath_ExampleUITests.swift */,
				5B007E1D264CD307009D3FE5 /* Info.plist */,
			);
			path = BlueIntent_BezierPath_ExampleUITests;
			sourceTree = "<group>";
		};
		5B1ACECC2536E57600F45C49 /* Crypto */ = {
			isa = PBXGroup;
			children = (
				5B1ACEE12536E6A700F45C49 /* BlueIntentAESTests.swift */,
			);
			name = Crypto;
			sourceTree = "<group>";
		};
		5B2CD21E267B33CB00A814A1 /* ControllerTransitioning */ = {
			isa = PBXGroup;
			children = (
				5B2CD21F267B340300A814A1 /* BlueIntentControllerTransitioning.swift */,
				5B2CD220267B345500A814A1 /* BlueIntentControllerTransitioningPresent.swift */,
			);
			name = ControllerTransitioning;
			sourceTree = "<group>";
		};
		5B3942BD2581474C000F668C /* DB */ = {
			isa = PBXGroup;
			children = (
				5B3942BE2581475A000F668C /* BlueIntentDBTests.swift */,
			);
			path = DB;
			sourceTree = "<group>";
		};
		5B6A407C259B2C750066DFD3 /* Color */ = {
			isa = PBXGroup;
			children = (
				5B6A407D259B2C860066DFD3 /* BlueIntentColorTests.swift */,
				5B586C1E28F1227400A938D1 /* BlueIntentImageTests.swift */,
				5B85D82F29DEB326007EA844 /* UIColorCodableWrapperTests.swift */,
			);
			path = Color;
			sourceTree = "<group>";
		};
		5BBD55AB25469E92007E762B /* BlueIntent_Watch_Example WatchKit App */ = {
			isa = PBXGroup;
			children = (
				5BBD55AC25469E92007E762B /* Interface.storyboard */,
				5BBD55AF25469E94007E762B /* Assets.xcassets */,
				5BBD55B125469E94007E762B /* Info.plist */,
			);
			path = "BlueIntent_Watch_Example WatchKit App";
			sourceTree = "<group>";
		};
		5BBD55BA25469E94007E762B /* BlueIntent_Watch_Example WatchKit Extension */ = {
			isa = PBXGroup;
			children = (
				5BBD55BB25469E94007E762B /* InterfaceController.swift */,
				5BBD55BD25469E94007E762B /* ExtensionDelegate.swift */,
				5BBD55BF25469E94007E762B /* NotificationController.swift */,
				5BBD55C125469E94007E762B /* ComplicationController.swift */,
				5BBD55C325469E95007E762B /* Assets.xcassets */,
				5BBD55C525469E95007E762B /* Info.plist */,
				5BBD55C625469E95007E762B /* PushNotificationPayload.apns */,
			);
			path = "BlueIntent_Watch_Example WatchKit Extension";
			sourceTree = "<group>";
		};
		5BEBE706288D04C40083DF58 /* PAGX */ = {
			isa = PBXGroup;
			children = (
				5BF15A48288D4F2B001AE4C8 /* PAGView+BlueIntent.swift */,
				5BF15A49288D4F2B001AE4C8 /* PAGX.swift */,
				5BF15A4C288D5012001AE4C8 /* PAGCoder.swift */,
			);
			name = PAGX;
			path = ../BlueIntent/PAGX;
			sourceTree = "<group>";
		};
		5BEBE72A288D057E0083DF58 /* BlueIntent_PAGX_Example */ = {
			isa = PBXGroup;
			children = (
				5BEBE72B288D057E0083DF58 /* AppDelegate.swift */,
				5BEBE72D288D057E0083DF58 /* SceneDelegate.swift */,
				5BEBE72F288D057E0083DF58 /* ViewController.swift */,
				5BEBE731288D057E0083DF58 /* Main.storyboard */,
				5BEBE734288D05800083DF58 /* Assets.xcassets */,
				5BEBE736288D05800083DF58 /* LaunchScreen.storyboard */,
				5BEBE739288D05800083DF58 /* Info.plist */,
			);
			path = BlueIntent_PAGX_Example;
			sourceTree = "<group>";
		};
		607FACC71AFB9204008FA782 = {
			isa = PBXGroup;
			children = (
				607FACF51AFB993E008FA782 /* Podspec Metadata */,
				607FACD21AFB9204008FA782 /* Example for BlueIntent */,
				607FACE81AFB9204008FA782 /* Tests */,
				5BBD55AB25469E92007E762B /* BlueIntent_Watch_Example WatchKit App */,
				5BBD55BA25469E94007E762B /* BlueIntent_Watch_Example WatchKit Extension */,
				5B007DF8264CD305009D3FE5 /* BlueIntent_BezierPath_Example */,
				5B007E0F264CD306009D3FE5 /* BlueIntent_BezierPath_ExampleTests */,
				5B007E1A264CD307009D3FE5 /* BlueIntent_BezierPath_ExampleUITests */,
				5BEBE72A288D057E0083DF58 /* BlueIntent_PAGX_Example */,
				607FACD11AFB9204008FA782 /* Products */,
				661322C477BB29D545C82BE4 /* Pods */,
				113B9C7B47393611492C8C4B /* Frameworks */,
			);
			sourceTree = "<group>";
		};
		607FACD11AFB9204008FA782 /* Products */ = {
			isa = PBXGroup;
			children = (
				607FACD01AFB9204008FA782 /* BlueIntent_Example.app */,
				607FACE51AFB9204008FA782 /* BlueIntent_Tests.xctest */,
				5BBD55A425469E92007E762B /* BlueIntent_Watch_Example.app */,
				5BBD55A725469E92007E762B /* BlueIntent_Watch_Example WatchKit App.app */,
				5BBD55B625469E94007E762B /* BlueIntent_Watch_Example WatchKit Extension.appex */,
				5B007DF7264CD305009D3FE5 /* BlueIntent_BezierPath_Example.app */,
				5B007E0C264CD306009D3FE5 /* BlueIntent_BezierPath_ExampleTests.xctest */,
				5B007E17264CD307009D3FE5 /* BlueIntent_BezierPath_ExampleUITests.xctest */,
				5BEBE729288D057E0083DF58 /* BlueIntent_PAGX_Example.app */,
			);
			name = Products;
			sourceTree = "<group>";
		};
		607FACD21AFB9204008FA782 /* Example for BlueIntent */ = {
			isa = PBXGroup;
			children = (
				607FACD51AFB9204008FA782 /* AppDelegate.swift */,
				607FACD71AFB9204008FA782 /* ViewController.swift */,
				607FACD91AFB9204008FA782 /* Main.storyboard */,
				607FACDC1AFB9204008FA782 /* Images.xcassets */,
				607FACDE1AFB9204008FA782 /* LaunchScreen.xib */,
				607FACD31AFB9204008FA782 /* Supporting Files */,
			);
			name = "Example for BlueIntent";
			path = BlueIntent;
			sourceTree = "<group>";
		};
		607FACD31AFB9204008FA782 /* Supporting Files */ = {
			isa = PBXGroup;
			children = (
				607FACD41AFB9204008FA782 /* Info.plist */,
			);
			name = "Supporting Files";
			sourceTree = "<group>";
		};
		607FACE81AFB9204008FA782 /* Tests */ = {
			isa = PBXGroup;
			children = (
				5B6A407C259B2C750066DFD3 /* Color */,
				5B3942BD2581474C000F668C /* DB */,
				5B1ACECC2536E57600F45C49 /* Crypto */,
				607FACEB1AFB9204008FA782 /* Tests.swift */,
				607FACE91AFB9204008FA782 /* Supporting Files */,
			);
			path = Tests;
			sourceTree = "<group>";
		};
		607FACE91AFB9204008FA782 /* Supporting Files */ = {
			isa = PBXGroup;
			children = (
				607FACEA1AFB9204008FA782 /* Info.plist */,
			);
			name = "Supporting Files";
			sourceTree = "<group>";
		};
		607FACF51AFB993E008FA782 /* Podspec Metadata */ = {
			isa = PBXGroup;
			children = (
				5BEBE706288D04C40083DF58 /* PAGX */,
				5B2CD21E267B33CB00A814A1 /* ControllerTransitioning */,
				7C3C0D06F07EC524AC5AC22C /* BlueIntent.podspec */,
				BFD497FFB10F4F74C6FABDAB /* README.md */,
				D900086B184C4F3BCF1C9D77 /* LICENSE */,
				5B19B880252F394B00C1B54C /* BlueIntent.swift */,
				5B19B897252F3C3900C1B54C /* BlueIntentCompatible.swift */,
				5B19B89A252F3D2B00C1B54C /* BlueIntentApp.swift */,
				5B19B8A4252F3D5700C1B54C /* Array+BlueIntent.swift */,
				5B4E58062648075100564F43 /* BlueIntentMath.swift */,
				5B19B8A8252F3D8100C1B54C /* String+BlueIntent.swift */,
				5B19B8AC252F3DAA00C1B54C /* Optional+BlueIntent.swift */,
				5B8CE2E1253031C70087F739 /* BlueIntentAppleLogin.swift */,
				5B8CE5902531591F0087F739 /* BlueIntentLayout.swift */,
				5B1ACEB02536DB6F00F45C49 /* BlueIntentAES.swift */,
				5BBD555C25467D2D007E762B /* BlueIntentColor.swift */,
				5B85D82E29DEAFBC007EA844 /* UIColorCodableWrapper.swift */,
				5B3DCFF528DC3BC3007EFA31 /* UIImage+BlueIntent.swift */,
				5B6A40DB259C89160066DFD3 /* UIView+BlueIntent.swift */,
				5B9CE27C264A941E0025B172 /* BlueIntentBezierPath.swift */,
				5B9CE27D264A942F0025B172 /* BlueIntentBezierPathUIKit.swift */,
				840B42A2264ADF2B00A95869 /* BlueIntentYYText.h */,
				840B42A3264ADF2B00A95869 /* BlueIntentYYText.m */,
				5BC2E3C2257E004E0091F416 /* BlueIntentDB.swift */,
			);
			name = "Podspec Metadata";
			sourceTree = "<group>";
		};
		661322C477BB29D545C82BE4 /* Pods */ = {
			isa = PBXGroup;
			children = (
				CA4363287F0FFD1066F34EF7 /* Pods-BlueIntent_Example.debug.xcconfig */,
				B13C74B5904B126B9A9E8897 /* Pods-BlueIntent_Example.release.xcconfig */,
				3B058D676181A4B6409DE5F7 /* Pods-BlueIntent_Tests.debug.xcconfig */,
				8A8420186A39DB93996F6D1E /* Pods-BlueIntent_Tests.release.xcconfig */,
				34FDAD6D062300B72152D91D /* Pods-BlueIntent_Watch_Example WatchKit Extension.debug.xcconfig */,
				1CAE72AD8744A20DF53C9382 /* Pods-BlueIntent_Watch_Example WatchKit Extension.release.xcconfig */,
				4E5DF80085E6A54FD5632C90 /* Pods-BlueIntent_BezierPath_Example.debug.xcconfig */,
				9380DB111A8F55FDEDF2A022 /* Pods-BlueIntent_BezierPath_Example.release.xcconfig */,
				1754CE2820A1EB3FAA53D99C /* Pods-BlueIntent_PAGX_Example.debug.xcconfig */,
				F128F41CDE70D5CCDBCC6273 /* Pods-BlueIntent_PAGX_Example.release.xcconfig */,
			);
			path = Pods;
			sourceTree = "<group>";
		};
/* End PBXGroup section */

/* Begin PBXNativeTarget section */
		5B007DF6264CD305009D3FE5 /* BlueIntent_BezierPath_Example */ = {
			isa = PBXNativeTarget;
			buildConfigurationList = 5B007E24264CD307009D3FE5 /* Build configuration list for PBXNativeTarget "BlueIntent_BezierPath_Example" */;
			buildPhases = (
				F81FD2F90E927588ED0B3B17 /* [CP] Check Pods Manifest.lock */,
				5B007DF3264CD305009D3FE5 /* Sources */,
				5B007DF4264CD305009D3FE5 /* Frameworks */,
				5B007DF5264CD305009D3FE5 /* Resources */,
			);
			buildRules = (
			);
			dependencies = (
			);
			name = BlueIntent_BezierPath_Example;
			productName = BlueIntent_BezierPath_Example;
			productReference = 5B007DF7264CD305009D3FE5 /* BlueIntent_BezierPath_Example.app */;
			productType = "com.apple.product-type.application";
		};
		5B007E0B264CD306009D3FE5 /* BlueIntent_BezierPath_ExampleTests */ = {
			isa = PBXNativeTarget;
			buildConfigurationList = 5B007E25264CD307009D3FE5 /* Build configuration list for PBXNativeTarget "BlueIntent_BezierPath_ExampleTests" */;
			buildPhases = (
				5B007E08264CD306009D3FE5 /* Sources */,
				5B007E09264CD306009D3FE5 /* Frameworks */,
				5B007E0A264CD306009D3FE5 /* Resources */,
			);
			buildRules = (
			);
			dependencies = (
				5B007E0E264CD306009D3FE5 /* PBXTargetDependency */,
			);
			name = BlueIntent_BezierPath_ExampleTests;
			productName = BlueIntent_BezierPath_ExampleTests;
			productReference = 5B007E0C264CD306009D3FE5 /* BlueIntent_BezierPath_ExampleTests.xctest */;
			productType = "com.apple.product-type.bundle.unit-test";
		};
		5B007E16264CD307009D3FE5 /* BlueIntent_BezierPath_ExampleUITests */ = {
			isa = PBXNativeTarget;
			buildConfigurationList = 5B007E26264CD307009D3FE5 /* Build configuration list for PBXNativeTarget "BlueIntent_BezierPath_ExampleUITests" */;
			buildPhases = (
				5B007E13264CD307009D3FE5 /* Sources */,
				5B007E14264CD307009D3FE5 /* Frameworks */,
				5B007E15264CD307009D3FE5 /* Resources */,
			);
			buildRules = (
			);
			dependencies = (
				5B007E19264CD307009D3FE5 /* PBXTargetDependency */,
			);
			name = BlueIntent_BezierPath_ExampleUITests;
			productName = BlueIntent_BezierPath_ExampleUITests;
			productReference = 5B007E17264CD307009D3FE5 /* BlueIntent_BezierPath_ExampleUITests.xctest */;
			productType = "com.apple.product-type.bundle.ui-testing";
		};
		5BBD55A325469E91007E762B /* BlueIntent_Watch_Example */ = {
			isa = PBXNativeTarget;
			buildConfigurationList = 5BBD55D125469E95007E762B /* Build configuration list for PBXNativeTarget "BlueIntent_Watch_Example" */;
			buildPhases = (
				5BBD55A225469E91007E762B /* Resources */,
				5BBD55C925469E95007E762B /* Embed Watch Content */,
				5251A1CB09C3F69280A2A024 /* Frameworks */,
			);
			buildRules = (
			);
			dependencies = (
				5BBD55AA25469E92007E762B /* PBXTargetDependency */,
			);
			name = BlueIntent_Watch_Example;
			productName = BlueIntent_Watch_Example;
			productReference = 5BBD55A425469E92007E762B /* BlueIntent_Watch_Example.app */;
			productType = "com.apple.product-type.application.watchapp2-container";
		};
		5BBD55A625469E92007E762B /* BlueIntent_Watch_Example WatchKit App */ = {
			isa = PBXNativeTarget;
			buildConfigurationList = 5BBD55D025469E95007E762B /* Build configuration list for PBXNativeTarget "BlueIntent_Watch_Example WatchKit App" */;
			buildPhases = (
				5BBD55A525469E92007E762B /* Resources */,
				5BBD55CC25469E95007E762B /* Embed App Extensions */,
				B2FF2D27F2A189AC7F6E028B /* Frameworks */,
			);
			buildRules = (
			);
			dependencies = (
				5BBD55B925469E94007E762B /* PBXTargetDependency */,
			);
			name = "BlueIntent_Watch_Example WatchKit App";
			productName = "BlueIntent_Watch_Example WatchKit App";
			productReference = 5BBD55A725469E92007E762B /* BlueIntent_Watch_Example WatchKit App.app */;
			productType = "com.apple.product-type.application.watchapp2";
		};
		5BBD55B525469E94007E762B /* BlueIntent_Watch_Example WatchKit Extension */ = {
			isa = PBXNativeTarget;
			buildConfigurationList = 5BBD55CF25469E95007E762B /* Build configuration list for PBXNativeTarget "BlueIntent_Watch_Example WatchKit Extension" */;
			buildPhases = (
				44EE5BF10325E5FEAEE7129C /* [CP] Check Pods Manifest.lock */,
				5BBD55B225469E94007E762B /* Sources */,
				5BBD55B325469E94007E762B /* Frameworks */,
				5BBD55B425469E94007E762B /* Resources */,
			);
			buildRules = (
			);
			dependencies = (
			);
			name = "BlueIntent_Watch_Example WatchKit Extension";
			productName = "BlueIntent_Watch_Example WatchKit Extension";
			productReference = 5BBD55B625469E94007E762B /* BlueIntent_Watch_Example WatchKit Extension.appex */;
			productType = "com.apple.product-type.watchkit2-extension";
		};
		5BEBE728288D057E0083DF58 /* BlueIntent_PAGX_Example */ = {
			isa = PBXNativeTarget;
			buildConfigurationList = 5BEBE73C288D05800083DF58 /* Build configuration list for PBXNativeTarget "BlueIntent_PAGX_Example" */;
			buildPhases = (
				1738990629E94F95068512EC /* [CP] Check Pods Manifest.lock */,
				5BEBE725288D057E0083DF58 /* Sources */,
				5BEBE726288D057E0083DF58 /* Frameworks */,
				5BEBE727288D057E0083DF58 /* Resources */,
				5F28926AF25C8D4F6F4290CE /* [CP] Embed Pods Frameworks */,
			);
			buildRules = (
			);
			dependencies = (
			);
			name = BlueIntent_PAGX_Example;
			productName = BlueIntent_PAGX_Example;
			productReference = 5BEBE729288D057E0083DF58 /* BlueIntent_PAGX_Example.app */;
			productType = "com.apple.product-type.application";
		};
		607FACCF1AFB9204008FA782 /* BlueIntent_Example */ = {
			isa = PBXNativeTarget;
			buildConfigurationList = 607FACEF1AFB9204008FA782 /* Build configuration list for PBXNativeTarget "BlueIntent_Example" */;
			buildPhases = (
				D6F34A4FD5F6816A9CF95F87 /* [CP] Check Pods Manifest.lock */,
				607FACCC1AFB9204008FA782 /* Sources */,
				607FACCD1AFB9204008FA782 /* Frameworks */,
				607FACCE1AFB9204008FA782 /* Resources */,
			);
			buildRules = (
			);
			dependencies = (
			);
			name = BlueIntent_Example;
			productName = BlueIntent;
			productReference = 607FACD01AFB9204008FA782 /* BlueIntent_Example.app */;
			productType = "com.apple.product-type.application";
		};
		607FACE41AFB9204008FA782 /* BlueIntent_Tests */ = {
			isa = PBXNativeTarget;
			buildConfigurationList = 607FACF21AFB9204008FA782 /* Build configuration list for PBXNativeTarget "BlueIntent_Tests" */;
			buildPhases = (
				4C192122AF62CD7BD9C7C46D /* [CP] Check Pods Manifest.lock */,
				607FACE11AFB9204008FA782 /* Sources */,
				607FACE21AFB9204008FA782 /* Frameworks */,
				607FACE31AFB9204008FA782 /* Resources */,
			);
			buildRules = (
			);
			dependencies = (
				607FACE71AFB9204008FA782 /* PBXTargetDependency */,
			);
			name = BlueIntent_Tests;
			productName = Tests;
			productReference = 607FACE51AFB9204008FA782 /* BlueIntent_Tests.xctest */;
			productType = "com.apple.product-type.bundle.unit-test";
		};
/* End PBXNativeTarget section */

/* Begin PBXProject section */
		607FACC81AFB9204008FA782 /* Project object */ = {
			isa = PBXProject;
			attributes = {
				LastSwiftUpdateCheck = 1340;
				LastUpgradeCheck = 0830;
				ORGANIZATIONNAME = CocoaPods;
				TargetAttributes = {
					5B007DF6264CD305009D3FE5 = {
						CreatedOnToolsVersion = 12.4;
						DevelopmentTeam = QWQ7FU2HXV;
						ProvisioningStyle = Automatic;
					};
					5B007E0B264CD306009D3FE5 = {
						CreatedOnToolsVersion = 12.4;
						DevelopmentTeam = QWQ7FU2HXV;
						ProvisioningStyle = Automatic;
						TestTargetID = 5B007DF6264CD305009D3FE5;
					};
					5B007E16264CD307009D3FE5 = {
						CreatedOnToolsVersion = 12.4;
						DevelopmentTeam = QWQ7FU2HXV;
						ProvisioningStyle = Automatic;
						TestTargetID = 5B007DF6264CD305009D3FE5;
					};
					5BBD55A325469E91007E762B = {
						CreatedOnToolsVersion = 12.0.1;
						DevelopmentTeam = AYZZSQA769;
						ProvisioningStyle = Automatic;
					};
					5BBD55A625469E92007E762B = {
						CreatedOnToolsVersion = 12.0.1;
						DevelopmentTeam = AYZZSQA769;
						ProvisioningStyle = Automatic;
					};
					5BBD55B525469E94007E762B = {
						CreatedOnToolsVersion = 12.0.1;
						DevelopmentTeam = AYZZSQA769;
						ProvisioningStyle = Automatic;
					};
					5BEBE728288D057E0083DF58 = {
						CreatedOnToolsVersion = 13.4.1;
						DevelopmentTeam = FBYGS2UG54;
						ProvisioningStyle = Automatic;
					};
					607FACCF1AFB9204008FA782 = {
						CreatedOnToolsVersion = 6.3.1;
						DevelopmentTeam = AYZZSQA769;
						LastSwiftMigration = 1200;
					};
					607FACE41AFB9204008FA782 = {
						CreatedOnToolsVersion = 6.3.1;
						DevelopmentTeam = AYZZSQA769;
						LastSwiftMigration = 1200;
						TestTargetID = 607FACCF1AFB9204008FA782;
					};
				};
			};
			buildConfigurationList = 607FACCB1AFB9204008FA782 /* Build configuration list for PBXProject "BlueIntent" */;
			compatibilityVersion = "Xcode 3.2";
			developmentRegion = English;
			hasScannedForEncodings = 0;
			knownRegions = (
				English,
				en,
				Base,
			);
			mainGroup = 607FACC71AFB9204008FA782;
			productRefGroup = 607FACD11AFB9204008FA782 /* Products */;
			projectDirPath = "";
			projectRoot = "";
			targets = (
				607FACCF1AFB9204008FA782 /* BlueIntent_Example */,
				607FACE41AFB9204008FA782 /* BlueIntent_Tests */,
				5BBD55A325469E91007E762B /* BlueIntent_Watch_Example */,
				5BBD55A625469E92007E762B /* BlueIntent_Watch_Example WatchKit App */,
				5BBD55B525469E94007E762B /* BlueIntent_Watch_Example WatchKit Extension */,
				5B007DF6264CD305009D3FE5 /* BlueIntent_BezierPath_Example */,
				5B007E0B264CD306009D3FE5 /* BlueIntent_BezierPath_ExampleTests */,
				5B007E16264CD307009D3FE5 /* BlueIntent_BezierPath_ExampleUITests */,
				5BEBE728288D057E0083DF58 /* BlueIntent_PAGX_Example */,
			);
		};
/* End PBXProject section */

/* Begin PBXResourcesBuildPhase section */
		5B007DF5264CD305009D3FE5 /* Resources */ = {
			isa = PBXResourcesBuildPhase;
			buildActionMask = 2147483647;
			files = (
				5B007E06264CD306009D3FE5 /* LaunchScreen.storyboard in Resources */,
				5B007E03264CD306009D3FE5 /* Assets.xcassets in Resources */,
				5B007E01264CD305009D3FE5 /* Main.storyboard in Resources */,
			);
			runOnlyForDeploymentPostprocessing = 0;
		};
		5B007E0A264CD306009D3FE5 /* Resources */ = {
			isa = PBXResourcesBuildPhase;
			buildActionMask = 2147483647;
			files = (
			);
			runOnlyForDeploymentPostprocessing = 0;
		};
		5B007E15264CD307009D3FE5 /* Resources */ = {
			isa = PBXResourcesBuildPhase;
			buildActionMask = 2147483647;
			files = (
			);
			runOnlyForDeploymentPostprocessing = 0;
		};
		5BBD55A225469E91007E762B /* Resources */ = {
			isa = PBXResourcesBuildPhase;
			buildActionMask = 2147483647;
			files = (
			);
			runOnlyForDeploymentPostprocessing = 0;
		};
		5BBD55A525469E92007E762B /* Resources */ = {
			isa = PBXResourcesBuildPhase;
			buildActionMask = 2147483647;
			files = (
				5BBD55B025469E94007E762B /* Assets.xcassets in Resources */,
				5BBD55AE25469E92007E762B /* Interface.storyboard in Resources */,
			);
			runOnlyForDeploymentPostprocessing = 0;
		};
		5BBD55B425469E94007E762B /* Resources */ = {
			isa = PBXResourcesBuildPhase;
			buildActionMask = 2147483647;
			files = (
				5BBD55C425469E95007E762B /* Assets.xcassets in Resources */,
			);
			runOnlyForDeploymentPostprocessing = 0;
		};
		5BEBE727288D057E0083DF58 /* Resources */ = {
			isa = PBXResourcesBuildPhase;
			buildActionMask = 2147483647;
			files = (
				5BEBE738288D05800083DF58 /* LaunchScreen.storyboard in Resources */,
				5BEBE735288D05800083DF58 /* Assets.xcassets in Resources */,
				5BEBE733288D057E0083DF58 /* Main.storyboard in Resources */,
			);
			runOnlyForDeploymentPostprocessing = 0;
		};
		607FACCE1AFB9204008FA782 /* Resources */ = {
			isa = PBXResourcesBuildPhase;
			buildActionMask = 2147483647;
			files = (
				607FACDB1AFB9204008FA782 /* Main.storyboard in Resources */,
				607FACE01AFB9204008FA782 /* LaunchScreen.xib in Resources */,
				607FACDD1AFB9204008FA782 /* Images.xcassets in Resources */,
			);
			runOnlyForDeploymentPostprocessing = 0;
		};
		607FACE31AFB9204008FA782 /* Resources */ = {
			isa = PBXResourcesBuildPhase;
			buildActionMask = 2147483647;
			files = (
			);
			runOnlyForDeploymentPostprocessing = 0;
		};
/* End PBXResourcesBuildPhase section */

/* Begin PBXShellScriptBuildPhase section */
		1738990629E94F95068512EC /* [CP] Check Pods Manifest.lock */ = {
			isa = PBXShellScriptBuildPhase;
			buildActionMask = 2147483647;
			files = (
			);
			inputFileListPaths = (
			);
			inputPaths = (
				"${PODS_PODFILE_DIR_PATH}/Podfile.lock",
				"${PODS_ROOT}/Manifest.lock",
			);
			name = "[CP] Check Pods Manifest.lock";
			outputFileListPaths = (
			);
			outputPaths = (
				"$(DERIVED_FILE_DIR)/Pods-BlueIntent_PAGX_Example-checkManifestLockResult.txt",
			);
			runOnlyForDeploymentPostprocessing = 0;
			shellPath = /bin/sh;
			shellScript = "diff \"${PODS_PODFILE_DIR_PATH}/Podfile.lock\" \"${PODS_ROOT}/Manifest.lock\" > /dev/null\nif [ $? != 0 ] ; then\n    # print error to STDERR\n    echo \"error: The sandbox is not in sync with the Podfile.lock. Run 'pod install' or update your CocoaPods installation.\" >&2\n    exit 1\nfi\n# This output is used by Xcode 'outputs' to avoid re-running this script phase.\necho \"SUCCESS\" > \"${SCRIPT_OUTPUT_FILE_0}\"\n";
			showEnvVarsInLog = 0;
		};
		44EE5BF10325E5FEAEE7129C /* [CP] Check Pods Manifest.lock */ = {
			isa = PBXShellScriptBuildPhase;
			buildActionMask = 2147483647;
			files = (
			);
			inputFileListPaths = (
			);
			inputPaths = (
				"${PODS_PODFILE_DIR_PATH}/Podfile.lock",
				"${PODS_ROOT}/Manifest.lock",
			);
			name = "[CP] Check Pods Manifest.lock";
			outputFileListPaths = (
			);
			outputPaths = (
				"$(DERIVED_FILE_DIR)/Pods-BlueIntent_Watch_Example WatchKit Extension-checkManifestLockResult.txt",
			);
			runOnlyForDeploymentPostprocessing = 0;
			shellPath = /bin/sh;
			shellScript = "diff \"${PODS_PODFILE_DIR_PATH}/Podfile.lock\" \"${PODS_ROOT}/Manifest.lock\" > /dev/null\nif [ $? != 0 ] ; then\n    # print error to STDERR\n    echo \"error: The sandbox is not in sync with the Podfile.lock. Run 'pod install' or update your CocoaPods installation.\" >&2\n    exit 1\nfi\n# This output is used by Xcode 'outputs' to avoid re-running this script phase.\necho \"SUCCESS\" > \"${SCRIPT_OUTPUT_FILE_0}\"\n";
			showEnvVarsInLog = 0;
		};
		4C192122AF62CD7BD9C7C46D /* [CP] Check Pods Manifest.lock */ = {
			isa = PBXShellScriptBuildPhase;
			buildActionMask = 2147483647;
			files = (
			);
			inputFileListPaths = (
			);
			inputPaths = (
				"${PODS_PODFILE_DIR_PATH}/Podfile.lock",
				"${PODS_ROOT}/Manifest.lock",
			);
			name = "[CP] Check Pods Manifest.lock";
			outputFileListPaths = (
			);
			outputPaths = (
				"$(DERIVED_FILE_DIR)/Pods-BlueIntent_Tests-checkManifestLockResult.txt",
			);
			runOnlyForDeploymentPostprocessing = 0;
			shellPath = /bin/sh;
			shellScript = "diff \"${PODS_PODFILE_DIR_PATH}/Podfile.lock\" \"${PODS_ROOT}/Manifest.lock\" > /dev/null\nif [ $? != 0 ] ; then\n    # print error to STDERR\n    echo \"error: The sandbox is not in sync with the Podfile.lock. Run 'pod install' or update your CocoaPods installation.\" >&2\n    exit 1\nfi\n# This output is used by Xcode 'outputs' to avoid re-running this script phase.\necho \"SUCCESS\" > \"${SCRIPT_OUTPUT_FILE_0}\"\n";
			showEnvVarsInLog = 0;
		};
		5F28926AF25C8D4F6F4290CE /* [CP] Embed Pods Frameworks */ = {
			isa = PBXShellScriptBuildPhase;
			buildActionMask = 2147483647;
			files = (
			);
			inputPaths = (
				"${PODS_ROOT}/Target Support Files/Pods-BlueIntent_PAGX_Example/Pods-BlueIntent_PAGX_Example-frameworks.sh",
				"${PODS_XCFRAMEWORKS_BUILD_DIR}/libpag/libpag.framework/libpag",
			);
			name = "[CP] Embed Pods Frameworks";
			outputPaths = (
				"${TARGET_BUILD_DIR}/${FRAMEWORKS_FOLDER_PATH}/libpag.framework",
			);
			runOnlyForDeploymentPostprocessing = 0;
			shellPath = /bin/sh;
			shellScript = "\"${PODS_ROOT}/Target Support Files/Pods-BlueIntent_PAGX_Example/Pods-BlueIntent_PAGX_Example-frameworks.sh\"\n";
			showEnvVarsInLog = 0;
		};
		D6F34A4FD5F6816A9CF95F87 /* [CP] Check Pods Manifest.lock */ = {
			isa = PBXShellScriptBuildPhase;
			buildActionMask = 2147483647;
			files = (
			);
			inputFileListPaths = (
			);
			inputPaths = (
				"${PODS_PODFILE_DIR_PATH}/Podfile.lock",
				"${PODS_ROOT}/Manifest.lock",
			);
			name = "[CP] Check Pods Manifest.lock";
			outputFileListPaths = (
			);
			outputPaths = (
				"$(DERIVED_FILE_DIR)/Pods-BlueIntent_Example-checkManifestLockResult.txt",
			);
			runOnlyForDeploymentPostprocessing = 0;
			shellPath = /bin/sh;
			shellScript = "diff \"${PODS_PODFILE_DIR_PATH}/Podfile.lock\" \"${PODS_ROOT}/Manifest.lock\" > /dev/null\nif [ $? != 0 ] ; then\n    # print error to STDERR\n    echo \"error: The sandbox is not in sync with the Podfile.lock. Run 'pod install' or update your CocoaPods installation.\" >&2\n    exit 1\nfi\n# This output is used by Xcode 'outputs' to avoid re-running this script phase.\necho \"SUCCESS\" > \"${SCRIPT_OUTPUT_FILE_0}\"\n";
			showEnvVarsInLog = 0;
		};
		F81FD2F90E927588ED0B3B17 /* [CP] Check Pods Manifest.lock */ = {
			isa = PBXShellScriptBuildPhase;
			buildActionMask = 2147483647;
			files = (
			);
			inputFileListPaths = (
			);
			inputPaths = (
				"${PODS_PODFILE_DIR_PATH}/Podfile.lock",
				"${PODS_ROOT}/Manifest.lock",
			);
			name = "[CP] Check Pods Manifest.lock";
			outputFileListPaths = (
			);
			outputPaths = (
				"$(DERIVED_FILE_DIR)/Pods-BlueIntent_BezierPath_Example-checkManifestLockResult.txt",
			);
			runOnlyForDeploymentPostprocessing = 0;
			shellPath = /bin/sh;
			shellScript = "diff \"${PODS_PODFILE_DIR_PATH}/Podfile.lock\" \"${PODS_ROOT}/Manifest.lock\" > /dev/null\nif [ $? != 0 ] ; then\n    # print error to STDERR\n    echo \"error: The sandbox is not in sync with the Podfile.lock. Run 'pod install' or update your CocoaPods installation.\" >&2\n    exit 1\nfi\n# This output is used by Xcode 'outputs' to avoid re-running this script phase.\necho \"SUCCESS\" > \"${SCRIPT_OUTPUT_FILE_0}\"\n";
			showEnvVarsInLog = 0;
		};
/* End PBXShellScriptBuildPhase section */

/* Begin PBXSourcesBuildPhase section */
		5B007DF3264CD305009D3FE5 /* Sources */ = {
			isa = PBXSourcesBuildPhase;
			buildActionMask = 2147483647;
			files = (
				5B007DFE264CD305009D3FE5 /* ViewController.swift in Sources */,
				5B007DFA264CD305009D3FE5 /* AppDelegate.swift in Sources */,
				5B007E43264D2131009D3FE5 /* CanvasView.swift in Sources */,
				5B007DFC264CD305009D3FE5 /* SceneDelegate.swift in Sources */,
			);
			runOnlyForDeploymentPostprocessing = 0;
		};
		5B007E08264CD306009D3FE5 /* Sources */ = {
			isa = PBXSourcesBuildPhase;
			buildActionMask = 2147483647;
			files = (
				5B007E11264CD306009D3FE5 /* BlueIntent_BezierPath_ExampleTests.swift in Sources */,
			);
			runOnlyForDeploymentPostprocessing = 0;
		};
		5B007E13264CD307009D3FE5 /* Sources */ = {
			isa = PBXSourcesBuildPhase;
			buildActionMask = 2147483647;
			files = (
				5B007E1C264CD307009D3FE5 /* BlueIntent_BezierPath_ExampleUITests.swift in Sources */,
			);
			runOnlyForDeploymentPostprocessing = 0;
		};
		5BBD55B225469E94007E762B /* Sources */ = {
			isa = PBXSourcesBuildPhase;
			buildActionMask = 2147483647;
			files = (
				5BBD55C025469E94007E762B /* NotificationController.swift in Sources */,
				5BBD55C225469E94007E762B /* ComplicationController.swift in Sources */,
				5BBD55BE25469E94007E762B /* ExtensionDelegate.swift in Sources */,
				5BBD55BC25469E94007E762B /* InterfaceController.swift in Sources */,
			);
			runOnlyForDeploymentPostprocessing = 0;
		};
		5BEBE725288D057E0083DF58 /* Sources */ = {
			isa = PBXSourcesBuildPhase;
			buildActionMask = 2147483647;
			files = (
				5BEBE730288D057E0083DF58 /* ViewController.swift in Sources */,
				5BEBE72C288D057E0083DF58 /* AppDelegate.swift in Sources */,
				5BEBE72E288D057E0083DF58 /* SceneDelegate.swift in Sources */,
			);
			runOnlyForDeploymentPostprocessing = 0;
		};
		607FACCC1AFB9204008FA782 /* Sources */ = {
			isa = PBXSourcesBuildPhase;
			buildActionMask = 2147483647;
			files = (
				607FACD81AFB9204008FA782 /* ViewController.swift in Sources */,
				607FACD61AFB9204008FA782 /* AppDelegate.swift in Sources */,
			);
			runOnlyForDeploymentPostprocessing = 0;
		};
		607FACE11AFB9204008FA782 /* Sources */ = {
			isa = PBXSourcesBuildPhase;
			buildActionMask = 2147483647;
			files = (
				5B586C1F28F1227400A938D1 /* BlueIntentImageTests.swift in Sources */,
				607FACEC1AFB9204008FA782 /* Tests.swift in Sources */,
				5B85D83029DEB326007EA844 /* UIColorCodableWrapperTests.swift in Sources */,
				5B6A407E259B2C860066DFD3 /* BlueIntentColorTests.swift in Sources */,
				5B3942BF2581475A000F668C /* BlueIntentDBTests.swift in Sources */,
				5B1ACEE22536E6A700F45C49 /* BlueIntentAESTests.swift in Sources */,
			);
			runOnlyForDeploymentPostprocessing = 0;
		};
/* End PBXSourcesBuildPhase section */

/* Begin PBXTargetDependency section */
		5B007E0E264CD306009D3FE5 /* PBXTargetDependency */ = {
			isa = PBXTargetDependency;
			target = 5B007DF6264CD305009D3FE5 /* BlueIntent_BezierPath_Example */;
			targetProxy = 5B007E0D264CD306009D3FE5 /* PBXContainerItemProxy */;
		};
		5B007E19264CD307009D3FE5 /* PBXTargetDependency */ = {
			isa = PBXTargetDependency;
			target = 5B007DF6264CD305009D3FE5 /* BlueIntent_BezierPath_Example */;
			targetProxy = 5B007E18264CD307009D3FE5 /* PBXContainerItemProxy */;
		};
		5BBD55AA25469E92007E762B /* PBXTargetDependency */ = {
			isa = PBXTargetDependency;
			target = 5BBD55A625469E92007E762B /* BlueIntent_Watch_Example WatchKit App */;
			targetProxy = 5BBD55A925469E92007E762B /* PBXContainerItemProxy */;
		};
		5BBD55B925469E94007E762B /* PBXTargetDependency */ = {
			isa = PBXTargetDependency;
			target = 5BBD55B525469E94007E762B /* BlueIntent_Watch_Example WatchKit Extension */;
			targetProxy = 5BBD55B825469E94007E762B /* PBXContainerItemProxy */;
		};
		607FACE71AFB9204008FA782 /* PBXTargetDependency */ = {
			isa = PBXTargetDependency;
			target = 607FACCF1AFB9204008FA782 /* BlueIntent_Example */;
			targetProxy = 607FACE61AFB9204008FA782 /* PBXContainerItemProxy */;
		};
/* End PBXTargetDependency section */

/* Begin PBXVariantGroup section */
		5B007DFF264CD305009D3FE5 /* Main.storyboard */ = {
			isa = PBXVariantGroup;
			children = (
				5B007E00264CD305009D3FE5 /* Base */,
			);
			name = Main.storyboard;
			sourceTree = "<group>";
		};
		5B007E04264CD306009D3FE5 /* LaunchScreen.storyboard */ = {
			isa = PBXVariantGroup;
			children = (
				5B007E05264CD306009D3FE5 /* Base */,
			);
			name = LaunchScreen.storyboard;
			sourceTree = "<group>";
		};
		5BBD55AC25469E92007E762B /* Interface.storyboard */ = {
			isa = PBXVariantGroup;
			children = (
				5BBD55AD25469E92007E762B /* Base */,
			);
			name = Interface.storyboard;
			sourceTree = "<group>";
		};
		5BEBE731288D057E0083DF58 /* Main.storyboard */ = {
			isa = PBXVariantGroup;
			children = (
				5BEBE732288D057E0083DF58 /* Base */,
			);
			name = Main.storyboard;
			sourceTree = "<group>";
		};
		5BEBE736288D05800083DF58 /* LaunchScreen.storyboard */ = {
			isa = PBXVariantGroup;
			children = (
				5BEBE737288D05800083DF58 /* Base */,
			);
			name = LaunchScreen.storyboard;
			sourceTree = "<group>";
		};
		607FACD91AFB9204008FA782 /* Main.storyboard */ = {
			isa = PBXVariantGroup;
			children = (
				607FACDA1AFB9204008FA782 /* Base */,
			);
			name = Main.storyboard;
			sourceTree = "<group>";
		};
		607FACDE1AFB9204008FA782 /* LaunchScreen.xib */ = {
			isa = PBXVariantGroup;
			children = (
				607FACDF1AFB9204008FA782 /* Base */,
			);
			name = LaunchScreen.xib;
			sourceTree = "<group>";
		};
/* End PBXVariantGroup section */

/* Begin XCBuildConfiguration section */
		5B007E1E264CD307009D3FE5 /* Debug */ = {
			isa = XCBuildConfiguration;
			baseConfigurationReference = 4E5DF80085E6A54FD5632C90 /* Pods-BlueIntent_BezierPath_Example.debug.xcconfig */;
			buildSettings = {
				ASSETCATALOG_COMPILER_APPICON_NAME = AppIcon;
				ASSETCATALOG_COMPILER_GLOBAL_ACCENT_COLOR_NAME = AccentColor;
				CLANG_ANALYZER_NONNULL = YES;
				CLANG_ANALYZER_NUMBER_OBJECT_CONVERSION = YES_AGGRESSIVE;
				CLANG_CXX_LANGUAGE_STANDARD = "gnu++14";
				CLANG_ENABLE_OBJC_WEAK = YES;
				CLANG_WARN_DEPRECATED_OBJC_IMPLEMENTATIONS = YES;
				CLANG_WARN_DOCUMENTATION_COMMENTS = YES;
				CLANG_WARN_OBJC_IMPLICIT_RETAIN_SELF = YES;
				CLANG_WARN_QUOTED_INCLUDE_IN_FRAMEWORK_HEADER = YES;
				CLANG_WARN_UNGUARDED_AVAILABILITY = YES_AGGRESSIVE;
				CODE_SIGN_STYLE = Automatic;
				DEBUG_INFORMATION_FORMAT = dwarf;
				DEVELOPMENT_TEAM = QWQ7FU2HXV;
				GCC_C_LANGUAGE_STANDARD = gnu11;
				INFOPLIST_FILE = BlueIntent_BezierPath_Example/Info.plist;
				IPHONEOS_DEPLOYMENT_TARGET = 9.0;
				LD_RUNPATH_SEARCH_PATHS = "$(inherited) @executable_path/Frameworks";
				MTL_ENABLE_DEBUG_INFO = INCLUDE_SOURCE;
				MTL_FAST_MATH = YES;
				PRODUCT_BUNDLE_IDENTIFIER = "com.deer.BlueIntent-BezierPath-Example";
				PRODUCT_NAME = "$(TARGET_NAME)";
				SWIFT_ACTIVE_COMPILATION_CONDITIONS = DEBUG;
				SWIFT_VERSION = 5.0;
				TARGETED_DEVICE_FAMILY = "1,2";
			};
			name = Debug;
		};
		5B007E1F264CD307009D3FE5 /* Release */ = {
			isa = XCBuildConfiguration;
			baseConfigurationReference = 9380DB111A8F55FDEDF2A022 /* Pods-BlueIntent_BezierPath_Example.release.xcconfig */;
			buildSettings = {
				ASSETCATALOG_COMPILER_APPICON_NAME = AppIcon;
				ASSETCATALOG_COMPILER_GLOBAL_ACCENT_COLOR_NAME = AccentColor;
				CLANG_ANALYZER_NONNULL = YES;
				CLANG_ANALYZER_NUMBER_OBJECT_CONVERSION = YES_AGGRESSIVE;
				CLANG_CXX_LANGUAGE_STANDARD = "gnu++14";
				CLANG_ENABLE_OBJC_WEAK = YES;
				CLANG_WARN_DEPRECATED_OBJC_IMPLEMENTATIONS = YES;
				CLANG_WARN_DOCUMENTATION_COMMENTS = YES;
				CLANG_WARN_OBJC_IMPLICIT_RETAIN_SELF = YES;
				CLANG_WARN_QUOTED_INCLUDE_IN_FRAMEWORK_HEADER = YES;
				CLANG_WARN_UNGUARDED_AVAILABILITY = YES_AGGRESSIVE;
				CODE_SIGN_STYLE = Automatic;
				DEVELOPMENT_TEAM = QWQ7FU2HXV;
				GCC_C_LANGUAGE_STANDARD = gnu11;
				INFOPLIST_FILE = BlueIntent_BezierPath_Example/Info.plist;
				IPHONEOS_DEPLOYMENT_TARGET = 9.0;
				LD_RUNPATH_SEARCH_PATHS = "$(inherited) @executable_path/Frameworks";
				MTL_FAST_MATH = YES;
				PRODUCT_BUNDLE_IDENTIFIER = "com.deer.BlueIntent-BezierPath-Example";
				PRODUCT_NAME = "$(TARGET_NAME)";
				SWIFT_VERSION = 5.0;
				TARGETED_DEVICE_FAMILY = "1,2";
			};
			name = Release;
		};
		5B007E20264CD307009D3FE5 /* Debug */ = {
			isa = XCBuildConfiguration;
			buildSettings = {
				ALWAYS_EMBED_SWIFT_STANDARD_LIBRARIES = YES;
				BUNDLE_LOADER = "$(TEST_HOST)";
				CLANG_ANALYZER_NONNULL = YES;
				CLANG_ANALYZER_NUMBER_OBJECT_CONVERSION = YES_AGGRESSIVE;
				CLANG_CXX_LANGUAGE_STANDARD = "gnu++14";
				CLANG_ENABLE_OBJC_WEAK = YES;
				CLANG_WARN_DEPRECATED_OBJC_IMPLEMENTATIONS = YES;
				CLANG_WARN_DOCUMENTATION_COMMENTS = YES;
				CLANG_WARN_OBJC_IMPLICIT_RETAIN_SELF = YES;
				CLANG_WARN_QUOTED_INCLUDE_IN_FRAMEWORK_HEADER = YES;
				CLANG_WARN_UNGUARDED_AVAILABILITY = YES_AGGRESSIVE;
				CODE_SIGN_STYLE = Automatic;
				DEBUG_INFORMATION_FORMAT = dwarf;
				DEVELOPMENT_TEAM = QWQ7FU2HXV;
				GCC_C_LANGUAGE_STANDARD = gnu11;
				INFOPLIST_FILE = BlueIntent_BezierPath_ExampleTests/Info.plist;
				IPHONEOS_DEPLOYMENT_TARGET = 14.4;
				LD_RUNPATH_SEARCH_PATHS = "$(inherited) @executable_path/Frameworks @loader_path/Frameworks";
				MTL_ENABLE_DEBUG_INFO = INCLUDE_SOURCE;
				MTL_FAST_MATH = YES;
				PRODUCT_BUNDLE_IDENTIFIER = "com.deer.BlueIntent-BezierPath-ExampleTests";
				PRODUCT_NAME = "$(TARGET_NAME)";
				SWIFT_ACTIVE_COMPILATION_CONDITIONS = DEBUG;
				SWIFT_VERSION = 5.0;
				TARGETED_DEVICE_FAMILY = "1,2";
				TEST_HOST = "$(BUILT_PRODUCTS_DIR)/BlueIntent_BezierPath_Example.app/BlueIntent_BezierPath_Example";
			};
			name = Debug;
		};
		5B007E21264CD307009D3FE5 /* Release */ = {
			isa = XCBuildConfiguration;
			buildSettings = {
				ALWAYS_EMBED_SWIFT_STANDARD_LIBRARIES = YES;
				BUNDLE_LOADER = "$(TEST_HOST)";
				CLANG_ANALYZER_NONNULL = YES;
				CLANG_ANALYZER_NUMBER_OBJECT_CONVERSION = YES_AGGRESSIVE;
				CLANG_CXX_LANGUAGE_STANDARD = "gnu++14";
				CLANG_ENABLE_OBJC_WEAK = YES;
				CLANG_WARN_DEPRECATED_OBJC_IMPLEMENTATIONS = YES;
				CLANG_WARN_DOCUMENTATION_COMMENTS = YES;
				CLANG_WARN_OBJC_IMPLICIT_RETAIN_SELF = YES;
				CLANG_WARN_QUOTED_INCLUDE_IN_FRAMEWORK_HEADER = YES;
				CLANG_WARN_UNGUARDED_AVAILABILITY = YES_AGGRESSIVE;
				CODE_SIGN_STYLE = Automatic;
				DEVELOPMENT_TEAM = QWQ7FU2HXV;
				GCC_C_LANGUAGE_STANDARD = gnu11;
				INFOPLIST_FILE = BlueIntent_BezierPath_ExampleTests/Info.plist;
				IPHONEOS_DEPLOYMENT_TARGET = 14.4;
				LD_RUNPATH_SEARCH_PATHS = "$(inherited) @executable_path/Frameworks @loader_path/Frameworks";
				MTL_FAST_MATH = YES;
				PRODUCT_BUNDLE_IDENTIFIER = "com.deer.BlueIntent-BezierPath-ExampleTests";
				PRODUCT_NAME = "$(TARGET_NAME)";
				SWIFT_VERSION = 5.0;
				TARGETED_DEVICE_FAMILY = "1,2";
				TEST_HOST = "$(BUILT_PRODUCTS_DIR)/BlueIntent_BezierPath_Example.app/BlueIntent_BezierPath_Example";
			};
			name = Release;
		};
		5B007E22264CD307009D3FE5 /* Debug */ = {
			isa = XCBuildConfiguration;
			buildSettings = {
				ALWAYS_EMBED_SWIFT_STANDARD_LIBRARIES = YES;
				CLANG_ANALYZER_NONNULL = YES;
				CLANG_ANALYZER_NUMBER_OBJECT_CONVERSION = YES_AGGRESSIVE;
				CLANG_CXX_LANGUAGE_STANDARD = "gnu++14";
				CLANG_ENABLE_OBJC_WEAK = YES;
				CLANG_WARN_DEPRECATED_OBJC_IMPLEMENTATIONS = YES;
				CLANG_WARN_DOCUMENTATION_COMMENTS = YES;
				CLANG_WARN_OBJC_IMPLICIT_RETAIN_SELF = YES;
				CLANG_WARN_QUOTED_INCLUDE_IN_FRAMEWORK_HEADER = YES;
				CLANG_WARN_UNGUARDED_AVAILABILITY = YES_AGGRESSIVE;
				CODE_SIGN_STYLE = Automatic;
				DEBUG_INFORMATION_FORMAT = dwarf;
				DEVELOPMENT_TEAM = QWQ7FU2HXV;
				GCC_C_LANGUAGE_STANDARD = gnu11;
				INFOPLIST_FILE = BlueIntent_BezierPath_ExampleUITests/Info.plist;
				IPHONEOS_DEPLOYMENT_TARGET = 14.4;
				LD_RUNPATH_SEARCH_PATHS = "$(inherited) @executable_path/Frameworks @loader_path/Frameworks";
				MTL_ENABLE_DEBUG_INFO = INCLUDE_SOURCE;
				MTL_FAST_MATH = YES;
				PRODUCT_BUNDLE_IDENTIFIER = "com.deer.BlueIntent-BezierPath-ExampleUITests";
				PRODUCT_NAME = "$(TARGET_NAME)";
				SWIFT_ACTIVE_COMPILATION_CONDITIONS = DEBUG;
				SWIFT_VERSION = 5.0;
				TARGETED_DEVICE_FAMILY = "1,2";
				TEST_TARGET_NAME = BlueIntent_BezierPath_Example;
			};
			name = Debug;
		};
		5B007E23264CD307009D3FE5 /* Release */ = {
			isa = XCBuildConfiguration;
			buildSettings = {
				ALWAYS_EMBED_SWIFT_STANDARD_LIBRARIES = YES;
				CLANG_ANALYZER_NONNULL = YES;
				CLANG_ANALYZER_NUMBER_OBJECT_CONVERSION = YES_AGGRESSIVE;
				CLANG_CXX_LANGUAGE_STANDARD = "gnu++14";
				CLANG_ENABLE_OBJC_WEAK = YES;
				CLANG_WARN_DEPRECATED_OBJC_IMPLEMENTATIONS = YES;
				CLANG_WARN_DOCUMENTATION_COMMENTS = YES;
				CLANG_WARN_OBJC_IMPLICIT_RETAIN_SELF = YES;
				CLANG_WARN_QUOTED_INCLUDE_IN_FRAMEWORK_HEADER = YES;
				CLANG_WARN_UNGUARDED_AVAILABILITY = YES_AGGRESSIVE;
				CODE_SIGN_STYLE = Automatic;
				DEVELOPMENT_TEAM = QWQ7FU2HXV;
				GCC_C_LANGUAGE_STANDARD = gnu11;
				INFOPLIST_FILE = BlueIntent_BezierPath_ExampleUITests/Info.plist;
				IPHONEOS_DEPLOYMENT_TARGET = 14.4;
				LD_RUNPATH_SEARCH_PATHS = "$(inherited) @executable_path/Frameworks @loader_path/Frameworks";
				MTL_FAST_MATH = YES;
				PRODUCT_BUNDLE_IDENTIFIER = "com.deer.BlueIntent-BezierPath-ExampleUITests";
				PRODUCT_NAME = "$(TARGET_NAME)";
				SWIFT_VERSION = 5.0;
				TARGETED_DEVICE_FAMILY = "1,2";
				TEST_TARGET_NAME = BlueIntent_BezierPath_Example;
			};
			name = Release;
		};
		5BBD55C725469E95007E762B /* Debug */ = {
			isa = XCBuildConfiguration;
			buildSettings = {
				CLANG_ANALYZER_NONNULL = YES;
				CLANG_ANALYZER_NUMBER_OBJECT_CONVERSION = YES_AGGRESSIVE;
				CLANG_CXX_LANGUAGE_STANDARD = "gnu++14";
				CLANG_ENABLE_OBJC_WEAK = YES;
				CLANG_WARN_DEPRECATED_OBJC_IMPLEMENTATIONS = YES;
				CLANG_WARN_DOCUMENTATION_COMMENTS = YES;
				CLANG_WARN_OBJC_IMPLICIT_RETAIN_SELF = YES;
				CLANG_WARN_QUOTED_INCLUDE_IN_FRAMEWORK_HEADER = YES;
				CLANG_WARN_UNGUARDED_AVAILABILITY = YES_AGGRESSIVE;
				CODE_SIGN_STYLE = Automatic;
				CURRENT_PROJECT_VERSION = 1;
				DEBUG_INFORMATION_FORMAT = dwarf;
				DEVELOPMENT_TEAM = AYZZSQA769;
				GCC_C_LANGUAGE_STANDARD = gnu11;
				MARKETING_VERSION = 1.0;
				MTL_ENABLE_DEBUG_INFO = INCLUDE_SOURCE;
				MTL_FAST_MATH = YES;
				PRODUCT_BUNDLE_IDENTIFIER = "com.dou.BlueIntent-Watch-Example";
				PRODUCT_NAME = "$(TARGET_NAME)";
				SWIFT_ACTIVE_COMPILATION_CONDITIONS = DEBUG;
				SWIFT_VERSION = 5.0;
			};
			name = Debug;
		};
		5BBD55C825469E95007E762B /* Release */ = {
			isa = XCBuildConfiguration;
			buildSettings = {
				CLANG_ANALYZER_NONNULL = YES;
				CLANG_ANALYZER_NUMBER_OBJECT_CONVERSION = YES_AGGRESSIVE;
				CLANG_CXX_LANGUAGE_STANDARD = "gnu++14";
				CLANG_ENABLE_OBJC_WEAK = YES;
				CLANG_WARN_DEPRECATED_OBJC_IMPLEMENTATIONS = YES;
				CLANG_WARN_DOCUMENTATION_COMMENTS = YES;
				CLANG_WARN_OBJC_IMPLICIT_RETAIN_SELF = YES;
				CLANG_WARN_QUOTED_INCLUDE_IN_FRAMEWORK_HEADER = YES;
				CLANG_WARN_UNGUARDED_AVAILABILITY = YES_AGGRESSIVE;
				CODE_SIGN_STYLE = Automatic;
				CURRENT_PROJECT_VERSION = 1;
				DEVELOPMENT_TEAM = AYZZSQA769;
				GCC_C_LANGUAGE_STANDARD = gnu11;
				MARKETING_VERSION = 1.0;
				MTL_FAST_MATH = YES;
				PRODUCT_BUNDLE_IDENTIFIER = "com.dou.BlueIntent-Watch-Example";
				PRODUCT_NAME = "$(TARGET_NAME)";
				SWIFT_VERSION = 5.0;
			};
			name = Release;
		};
		5BBD55CA25469E95007E762B /* Debug */ = {
			isa = XCBuildConfiguration;
			buildSettings = {
				ALWAYS_EMBED_SWIFT_STANDARD_LIBRARIES = YES;
				ASSETCATALOG_COMPILER_APPICON_NAME = AppIcon;
				ASSETCATALOG_COMPILER_GLOBAL_ACCENT_COLOR_NAME = AccentColor;
				CLANG_ANALYZER_NONNULL = YES;
				CLANG_ANALYZER_NUMBER_OBJECT_CONVERSION = YES_AGGRESSIVE;
				CLANG_CXX_LANGUAGE_STANDARD = "gnu++14";
				CLANG_ENABLE_OBJC_WEAK = YES;
				CLANG_WARN_DEPRECATED_OBJC_IMPLEMENTATIONS = YES;
				CLANG_WARN_DOCUMENTATION_COMMENTS = YES;
				CLANG_WARN_OBJC_IMPLICIT_RETAIN_SELF = YES;
				CLANG_WARN_QUOTED_INCLUDE_IN_FRAMEWORK_HEADER = YES;
				CLANG_WARN_UNGUARDED_AVAILABILITY = YES_AGGRESSIVE;
				CODE_SIGN_STYLE = Automatic;
				DEBUG_INFORMATION_FORMAT = dwarf;
				DEVELOPMENT_TEAM = AYZZSQA769;
				GCC_C_LANGUAGE_STANDARD = gnu11;
				IBSC_MODULE = BlueIntent_Watch_Example_WatchKit_Extension;
				INFOPLIST_FILE = "BlueIntent_Watch_Example WatchKit App/Info.plist";
				MTL_ENABLE_DEBUG_INFO = INCLUDE_SOURCE;
				MTL_FAST_MATH = YES;
				PRODUCT_BUNDLE_IDENTIFIER = "com.dou.BlueIntent-Watch-Example.watchkitapp";
				PRODUCT_NAME = "$(TARGET_NAME)";
				SDKROOT = watchos;
				SKIP_INSTALL = YES;
				SWIFT_ACTIVE_COMPILATION_CONDITIONS = DEBUG;
				SWIFT_VERSION = 5.0;
				TARGETED_DEVICE_FAMILY = 4;
				WATCHOS_DEPLOYMENT_TARGET = 7.0;
			};
			name = Debug;
		};
		5BBD55CB25469E95007E762B /* Release */ = {
			isa = XCBuildConfiguration;
			buildSettings = {
				ALWAYS_EMBED_SWIFT_STANDARD_LIBRARIES = YES;
				ASSETCATALOG_COMPILER_APPICON_NAME = AppIcon;
				ASSETCATALOG_COMPILER_GLOBAL_ACCENT_COLOR_NAME = AccentColor;
				CLANG_ANALYZER_NONNULL = YES;
				CLANG_ANALYZER_NUMBER_OBJECT_CONVERSION = YES_AGGRESSIVE;
				CLANG_CXX_LANGUAGE_STANDARD = "gnu++14";
				CLANG_ENABLE_OBJC_WEAK = YES;
				CLANG_WARN_DEPRECATED_OBJC_IMPLEMENTATIONS = YES;
				CLANG_WARN_DOCUMENTATION_COMMENTS = YES;
				CLANG_WARN_OBJC_IMPLICIT_RETAIN_SELF = YES;
				CLANG_WARN_QUOTED_INCLUDE_IN_FRAMEWORK_HEADER = YES;
				CLANG_WARN_UNGUARDED_AVAILABILITY = YES_AGGRESSIVE;
				CODE_SIGN_STYLE = Automatic;
				DEVELOPMENT_TEAM = AYZZSQA769;
				GCC_C_LANGUAGE_STANDARD = gnu11;
				IBSC_MODULE = BlueIntent_Watch_Example_WatchKit_Extension;
				INFOPLIST_FILE = "BlueIntent_Watch_Example WatchKit App/Info.plist";
				MTL_FAST_MATH = YES;
				PRODUCT_BUNDLE_IDENTIFIER = "com.dou.BlueIntent-Watch-Example.watchkitapp";
				PRODUCT_NAME = "$(TARGET_NAME)";
				SDKROOT = watchos;
				SKIP_INSTALL = YES;
				SWIFT_VERSION = 5.0;
				TARGETED_DEVICE_FAMILY = 4;
				WATCHOS_DEPLOYMENT_TARGET = 7.0;
			};
			name = Release;
		};
		5BBD55CD25469E95007E762B /* Debug */ = {
			isa = XCBuildConfiguration;
			baseConfigurationReference = 34FDAD6D062300B72152D91D /* Pods-BlueIntent_Watch_Example WatchKit Extension.debug.xcconfig */;
			buildSettings = {
				ASSETCATALOG_COMPILER_COMPLICATION_NAME = Complication;
				CLANG_ANALYZER_NONNULL = YES;
				CLANG_ANALYZER_NUMBER_OBJECT_CONVERSION = YES_AGGRESSIVE;
				CLANG_CXX_LANGUAGE_STANDARD = "gnu++14";
				CLANG_ENABLE_OBJC_WEAK = YES;
				CLANG_WARN_DEPRECATED_OBJC_IMPLEMENTATIONS = YES;
				CLANG_WARN_DOCUMENTATION_COMMENTS = YES;
				CLANG_WARN_OBJC_IMPLICIT_RETAIN_SELF = YES;
				CLANG_WARN_QUOTED_INCLUDE_IN_FRAMEWORK_HEADER = NO;
				CLANG_WARN_UNGUARDED_AVAILABILITY = YES_AGGRESSIVE;
				CODE_SIGN_STYLE = Automatic;
				DEBUG_INFORMATION_FORMAT = dwarf;
				DEVELOPMENT_TEAM = AYZZSQA769;
				GCC_C_LANGUAGE_STANDARD = gnu11;
				INFOPLIST_FILE = "BlueIntent_Watch_Example WatchKit Extension/Info.plist";
				LD_RUNPATH_SEARCH_PATHS = "$(inherited) @executable_path/Frameworks @executable_path/../../Frameworks";
				MTL_ENABLE_DEBUG_INFO = INCLUDE_SOURCE;
				MTL_FAST_MATH = YES;
				PRODUCT_BUNDLE_IDENTIFIER = "com.dou.BlueIntent-Watch-Example.watchkitapp.watchkitextension";
				PRODUCT_NAME = "${TARGET_NAME}";
				SDKROOT = watchos;
				SKIP_INSTALL = YES;
				SWIFT_ACTIVE_COMPILATION_CONDITIONS = DEBUG;
				SWIFT_VERSION = 5.0;
				TARGETED_DEVICE_FAMILY = 4;
				WATCHOS_DEPLOYMENT_TARGET = 7.0;
			};
			name = Debug;
		};
		5BBD55CE25469E95007E762B /* Release */ = {
			isa = XCBuildConfiguration;
			baseConfigurationReference = 1CAE72AD8744A20DF53C9382 /* Pods-BlueIntent_Watch_Example WatchKit Extension.release.xcconfig */;
			buildSettings = {
				ASSETCATALOG_COMPILER_COMPLICATION_NAME = Complication;
				CLANG_ANALYZER_NONNULL = YES;
				CLANG_ANALYZER_NUMBER_OBJECT_CONVERSION = YES_AGGRESSIVE;
				CLANG_CXX_LANGUAGE_STANDARD = "gnu++14";
				CLANG_ENABLE_OBJC_WEAK = YES;
				CLANG_WARN_DEPRECATED_OBJC_IMPLEMENTATIONS = YES;
				CLANG_WARN_DOCUMENTATION_COMMENTS = YES;
				CLANG_WARN_OBJC_IMPLICIT_RETAIN_SELF = YES;
				CLANG_WARN_QUOTED_INCLUDE_IN_FRAMEWORK_HEADER = NO;
				CLANG_WARN_UNGUARDED_AVAILABILITY = YES_AGGRESSIVE;
				CODE_SIGN_STYLE = Automatic;
				DEVELOPMENT_TEAM = AYZZSQA769;
				GCC_C_LANGUAGE_STANDARD = gnu11;
				INFOPLIST_FILE = "BlueIntent_Watch_Example WatchKit Extension/Info.plist";
				LD_RUNPATH_SEARCH_PATHS = "$(inherited) @executable_path/Frameworks @executable_path/../../Frameworks";
				MTL_FAST_MATH = YES;
				PRODUCT_BUNDLE_IDENTIFIER = "com.dou.BlueIntent-Watch-Example.watchkitapp.watchkitextension";
				PRODUCT_NAME = "${TARGET_NAME}";
				SDKROOT = watchos;
				SKIP_INSTALL = YES;
				SWIFT_VERSION = 5.0;
				TARGETED_DEVICE_FAMILY = 4;
				WATCHOS_DEPLOYMENT_TARGET = 7.0;
			};
			name = Release;
		};
		5BEBE73A288D05800083DF58 /* Debug */ = {
			isa = XCBuildConfiguration;
			baseConfigurationReference = 1754CE2820A1EB3FAA53D99C /* Pods-BlueIntent_PAGX_Example.debug.xcconfig */;
			buildSettings = {
				ASSETCATALOG_COMPILER_APPICON_NAME = AppIcon;
				ASSETCATALOG_COMPILER_GLOBAL_ACCENT_COLOR_NAME = AccentColor;
				CLANG_ANALYZER_NONNULL = YES;
				CLANG_ANALYZER_NUMBER_OBJECT_CONVERSION = YES_AGGRESSIVE;
				CLANG_CXX_LANGUAGE_STANDARD = "gnu++17";
				CLANG_ENABLE_OBJC_WEAK = YES;
				CLANG_WARN_DEPRECATED_OBJC_IMPLEMENTATIONS = YES;
				CLANG_WARN_DOCUMENTATION_COMMENTS = YES;
				CLANG_WARN_OBJC_IMPLICIT_RETAIN_SELF = YES;
				CLANG_WARN_QUOTED_INCLUDE_IN_FRAMEWORK_HEADER = YES;
				CLANG_WARN_UNGUARDED_AVAILABILITY = YES_AGGRESSIVE;
				CODE_SIGN_STYLE = Automatic;
				CURRENT_PROJECT_VERSION = 1;
				DEBUG_INFORMATION_FORMAT = dwarf;
				DEVELOPMENT_TEAM = FBYGS2UG54;
				GCC_C_LANGUAGE_STANDARD = gnu11;
				GENERATE_INFOPLIST_FILE = YES;
				INFOPLIST_FILE = BlueIntent_PAGX_Example/Info.plist;
				INFOPLIST_KEY_UIApplicationSupportsIndirectInputEvents = YES;
				INFOPLIST_KEY_UILaunchStoryboardName = LaunchScreen;
				INFOPLIST_KEY_UIMainStoryboardFile = Main;
				INFOPLIST_KEY_UISupportedInterfaceOrientations_iPad = "UIInterfaceOrientationPortrait UIInterfaceOrientationPortraitUpsideDown UIInterfaceOrientationLandscapeLeft UIInterfaceOrientationLandscapeRight";
				INFOPLIST_KEY_UISupportedInterfaceOrientations_iPhone = "UIInterfaceOrientationPortrait UIInterfaceOrientationLandscapeLeft UIInterfaceOrientationLandscapeRight";
				IPHONEOS_DEPLOYMENT_TARGET = 15.5;
				LD_RUNPATH_SEARCH_PATHS = "$(inherited) @executable_path/Frameworks";
				MARKETING_VERSION = 1.0;
				MTL_ENABLE_DEBUG_INFO = INCLUDE_SOURCE;
				MTL_FAST_MATH = YES;
				PRODUCT_BUNDLE_IDENTIFIER = "com.doufine.BlueIntent-PAGX-Example";
				PRODUCT_NAME = "$(TARGET_NAME)";
				SWIFT_ACTIVE_COMPILATION_CONDITIONS = DEBUG;
				SWIFT_EMIT_LOC_STRINGS = YES;
				SWIFT_VERSION = 5.0;
				TARGETED_DEVICE_FAMILY = "1,2";
			};
			name = Debug;
		};
		5BEBE73B288D05800083DF58 /* Release */ = {
			isa = XCBuildConfiguration;
			baseConfigurationReference = F128F41CDE70D5CCDBCC6273 /* Pods-BlueIntent_PAGX_Example.release.xcconfig */;
			buildSettings = {
				ASSETCATALOG_COMPILER_APPICON_NAME = AppIcon;
				ASSETCATALOG_COMPILER_GLOBAL_ACCENT_COLOR_NAME = AccentColor;
				CLANG_ANALYZER_NONNULL = YES;
				CLANG_ANALYZER_NUMBER_OBJECT_CONVERSION = YES_AGGRESSIVE;
				CLANG_CXX_LANGUAGE_STANDARD = "gnu++17";
				CLANG_ENABLE_OBJC_WEAK = YES;
				CLANG_WARN_DEPRECATED_OBJC_IMPLEMENTATIONS = YES;
				CLANG_WARN_DOCUMENTATION_COMMENTS = YES;
				CLANG_WARN_OBJC_IMPLICIT_RETAIN_SELF = YES;
				CLANG_WARN_QUOTED_INCLUDE_IN_FRAMEWORK_HEADER = YES;
				CLANG_WARN_UNGUARDED_AVAILABILITY = YES_AGGRESSIVE;
				CODE_SIGN_STYLE = Automatic;
				CURRENT_PROJECT_VERSION = 1;
				DEVELOPMENT_TEAM = FBYGS2UG54;
				GCC_C_LANGUAGE_STANDARD = gnu11;
				GENERATE_INFOPLIST_FILE = YES;
				INFOPLIST_FILE = BlueIntent_PAGX_Example/Info.plist;
				INFOPLIST_KEY_UIApplicationSupportsIndirectInputEvents = YES;
				INFOPLIST_KEY_UILaunchStoryboardName = LaunchScreen;
				INFOPLIST_KEY_UIMainStoryboardFile = Main;
				INFOPLIST_KEY_UISupportedInterfaceOrientations_iPad = "UIInterfaceOrientationPortrait UIInterfaceOrientationPortraitUpsideDown UIInterfaceOrientationLandscapeLeft UIInterfaceOrientationLandscapeRight";
				INFOPLIST_KEY_UISupportedInterfaceOrientations_iPhone = "UIInterfaceOrientationPortrait UIInterfaceOrientationLandscapeLeft UIInterfaceOrientationLandscapeRight";
				IPHONEOS_DEPLOYMENT_TARGET = 15.5;
				LD_RUNPATH_SEARCH_PATHS = "$(inherited) @executable_path/Frameworks";
				MARKETING_VERSION = 1.0;
				MTL_FAST_MATH = YES;
				PRODUCT_BUNDLE_IDENTIFIER = "com.doufine.BlueIntent-PAGX-Example";
				PRODUCT_NAME = "$(TARGET_NAME)";
				SWIFT_EMIT_LOC_STRINGS = YES;
				SWIFT_VERSION = 5.0;
				TARGETED_DEVICE_FAMILY = "1,2";
			};
			name = Release;
		};
		607FACED1AFB9204008FA782 /* Debug */ = {
			isa = XCBuildConfiguration;
			buildSettings = {
				ALWAYS_SEARCH_USER_PATHS = NO;
				CLANG_CXX_LANGUAGE_STANDARD = "gnu++0x";
				CLANG_CXX_LIBRARY = "libc++";
				CLANG_ENABLE_MODULES = YES;
				CLANG_ENABLE_OBJC_ARC = YES;
				CLANG_WARN_BLOCK_CAPTURE_AUTORELEASING = YES;
				CLANG_WARN_BOOL_CONVERSION = YES;
				CLANG_WARN_COMMA = YES;
				CLANG_WARN_CONSTANT_CONVERSION = YES;
				CLANG_WARN_DIRECT_OBJC_ISA_USAGE = YES_ERROR;
				CLANG_WARN_EMPTY_BODY = YES;
				CLANG_WARN_ENUM_CONVERSION = YES;
				CLANG_WARN_INFINITE_RECURSION = YES;
				CLANG_WARN_INT_CONVERSION = YES;
				CLANG_WARN_NON_LITERAL_NULL_CONVERSION = YES;
				CLANG_WARN_OBJC_LITERAL_CONVERSION = YES;
				CLANG_WARN_OBJC_ROOT_CLASS = YES_ERROR;
				CLANG_WARN_RANGE_LOOP_ANALYSIS = YES;
				CLANG_WARN_STRICT_PROTOTYPES = YES;
				CLANG_WARN_SUSPICIOUS_MOVE = YES;
				CLANG_WARN_UNREACHABLE_CODE = YES;
				CLANG_WARN__DUPLICATE_METHOD_MATCH = YES;
				"CODE_SIGN_IDENTITY[sdk=iphoneos*]" = "iPhone Developer";
				COPY_PHASE_STRIP = NO;
				DEBUG_INFORMATION_FORMAT = "dwarf-with-dsym";
				ENABLE_STRICT_OBJC_MSGSEND = YES;
				ENABLE_TESTABILITY = YES;
				GCC_C_LANGUAGE_STANDARD = gnu99;
				GCC_DYNAMIC_NO_PIC = NO;
				GCC_NO_COMMON_BLOCKS = YES;
				GCC_OPTIMIZATION_LEVEL = 0;
				GCC_PREPROCESSOR_DEFINITIONS = (
					"DEBUG=1",
					"$(inherited)",
				);
				GCC_SYMBOLS_PRIVATE_EXTERN = NO;
				GCC_WARN_64_TO_32_BIT_CONVERSION = YES;
				GCC_WARN_ABOUT_RETURN_TYPE = YES_ERROR;
				GCC_WARN_UNDECLARED_SELECTOR = YES;
				GCC_WARN_UNINITIALIZED_AUTOS = YES_AGGRESSIVE;
				GCC_WARN_UNUSED_FUNCTION = YES;
				GCC_WARN_UNUSED_VARIABLE = YES;
				IPHONEOS_DEPLOYMENT_TARGET = 9.0;
				MTL_ENABLE_DEBUG_INFO = YES;
				ONLY_ACTIVE_ARCH = YES;
				SDKROOT = iphoneos;
				SWIFT_OPTIMIZATION_LEVEL = "-Onone";
			};
			name = Debug;
		};
		607FACEE1AFB9204008FA782 /* Release */ = {
			isa = XCBuildConfiguration;
			buildSettings = {
				ALWAYS_SEARCH_USER_PATHS = NO;
				CLANG_CXX_LANGUAGE_STANDARD = "gnu++0x";
				CLANG_CXX_LIBRARY = "libc++";
				CLANG_ENABLE_MODULES = YES;
				CLANG_ENABLE_OBJC_ARC = YES;
				CLANG_WARN_BLOCK_CAPTURE_AUTORELEASING = YES;
				CLANG_WARN_BOOL_CONVERSION = YES;
				CLANG_WARN_COMMA = YES;
				CLANG_WARN_CONSTANT_CONVERSION = YES;
				CLANG_WARN_DIRECT_OBJC_ISA_USAGE = YES_ERROR;
				CLANG_WARN_EMPTY_BODY = YES;
				CLANG_WARN_ENUM_CONVERSION = YES;
				CLANG_WARN_INFINITE_RECURSION = YES;
				CLANG_WARN_INT_CONVERSION = YES;
				CLANG_WARN_NON_LITERAL_NULL_CONVERSION = YES;
				CLANG_WARN_OBJC_LITERAL_CONVERSION = YES;
				CLANG_WARN_OBJC_ROOT_CLASS = YES_ERROR;
				CLANG_WARN_RANGE_LOOP_ANALYSIS = YES;
				CLANG_WARN_STRICT_PROTOTYPES = YES;
				CLANG_WARN_SUSPICIOUS_MOVE = YES;
				CLANG_WARN_UNREACHABLE_CODE = YES;
				CLANG_WARN__DUPLICATE_METHOD_MATCH = YES;
				"CODE_SIGN_IDENTITY[sdk=iphoneos*]" = "iPhone Developer";
				COPY_PHASE_STRIP = NO;
				DEBUG_INFORMATION_FORMAT = "dwarf-with-dsym";
				ENABLE_NS_ASSERTIONS = NO;
				ENABLE_STRICT_OBJC_MSGSEND = YES;
				GCC_C_LANGUAGE_STANDARD = gnu99;
				GCC_NO_COMMON_BLOCKS = YES;
				GCC_WARN_64_TO_32_BIT_CONVERSION = YES;
				GCC_WARN_ABOUT_RETURN_TYPE = YES_ERROR;
				GCC_WARN_UNDECLARED_SELECTOR = YES;
				GCC_WARN_UNINITIALIZED_AUTOS = YES_AGGRESSIVE;
				GCC_WARN_UNUSED_FUNCTION = YES;
				GCC_WARN_UNUSED_VARIABLE = YES;
				IPHONEOS_DEPLOYMENT_TARGET = 9.0;
				MTL_ENABLE_DEBUG_INFO = NO;
				SDKROOT = iphoneos;
				SWIFT_OPTIMIZATION_LEVEL = "-Owholemodule";
				VALIDATE_PRODUCT = YES;
			};
			name = Release;
		};
		607FACF01AFB9204008FA782 /* Debug */ = {
			isa = XCBuildConfiguration;
			baseConfigurationReference = CA4363287F0FFD1066F34EF7 /* Pods-BlueIntent_Example.debug.xcconfig */;
			buildSettings = {
				ASSETCATALOG_COMPILER_APPICON_NAME = AppIcon;
				DEVELOPMENT_TEAM = AYZZSQA769;
				INFOPLIST_FILE = BlueIntent/Info.plist;
				LD_RUNPATH_SEARCH_PATHS = "$(inherited) @executable_path/Frameworks";
				MODULE_NAME = ExampleApp;
				PRODUCT_BUNDLE_IDENTIFIER = "org.cocoapods.demo.$(PRODUCT_NAME:rfc1034identifier)";
				PRODUCT_NAME = "$(TARGET_NAME)";
				SWIFT_SWIFT3_OBJC_INFERENCE = Default;
				SWIFT_VERSION = 5.0;
			};
			name = Debug;
		};
		607FACF11AFB9204008FA782 /* Release */ = {
			isa = XCBuildConfiguration;
			baseConfigurationReference = B13C74B5904B126B9A9E8897 /* Pods-BlueIntent_Example.release.xcconfig */;
			buildSettings = {
				ASSETCATALOG_COMPILER_APPICON_NAME = AppIcon;
				DEVELOPMENT_TEAM = AYZZSQA769;
				INFOPLIST_FILE = BlueIntent/Info.plist;
				LD_RUNPATH_SEARCH_PATHS = "$(inherited) @executable_path/Frameworks";
				MODULE_NAME = ExampleApp;
				PRODUCT_BUNDLE_IDENTIFIER = "org.cocoapods.demo.$(PRODUCT_NAME:rfc1034identifier)";
				PRODUCT_NAME = "$(TARGET_NAME)";
				SWIFT_SWIFT3_OBJC_INFERENCE = Default;
				SWIFT_VERSION = 5.0;
			};
			name = Release;
		};
		607FACF31AFB9204008FA782 /* Debug */ = {
			isa = XCBuildConfiguration;
			baseConfigurationReference = 3B058D676181A4B6409DE5F7 /* Pods-BlueIntent_Tests.debug.xcconfig */;
			buildSettings = {
				BUNDLE_LOADER = "$(BUILT_PRODUCTS_DIR)/BlueIntent_Example.app/BlueIntent_Example";
				DEVELOPMENT_TEAM = AYZZSQA769;
				FRAMEWORK_SEARCH_PATHS = (
					"$(PLATFORM_DIR)/Developer/Library/Frameworks",
					"$(inherited)",
				);
				GCC_PREPROCESSOR_DEFINITIONS = (
					"DEBUG=1",
					"$(inherited)",
				);
				INFOPLIST_FILE = Tests/Info.plist;
				LD_RUNPATH_SEARCH_PATHS = "$(inherited) @executable_path/Frameworks @loader_path/Frameworks";
				PRODUCT_BUNDLE_IDENTIFIER = "org.cocoapods.$(PRODUCT_NAME:rfc1034identifier)";
				PRODUCT_NAME = "$(TARGET_NAME)";
				SWIFT_SWIFT3_OBJC_INFERENCE = Default;
				SWIFT_VERSION = 5.0;
				TEST_HOST = "$(BUILT_PRODUCTS_DIR)/BlueIntent_Example.app/BlueIntent_Example";
			};
			name = Debug;
		};
		607FACF41AFB9204008FA782 /* Release */ = {
			isa = XCBuildConfiguration;
			baseConfigurationReference = 8A8420186A39DB93996F6D1E /* Pods-BlueIntent_Tests.release.xcconfig */;
			buildSettings = {
				BUNDLE_LOADER = "$(BUILT_PRODUCTS_DIR)/BlueIntent_Example.app/BlueIntent_Example";
				DEVELOPMENT_TEAM = AYZZSQA769;
				FRAMEWORK_SEARCH_PATHS = (
					"$(PLATFORM_DIR)/Developer/Library/Frameworks",
					"$(inherited)",
				);
				INFOPLIST_FILE = Tests/Info.plist;
				LD_RUNPATH_SEARCH_PATHS = "$(inherited) @executable_path/Frameworks @loader_path/Frameworks";
				PRODUCT_BUNDLE_IDENTIFIER = "org.cocoapods.$(PRODUCT_NAME:rfc1034identifier)";
				PRODUCT_NAME = "$(TARGET_NAME)";
				SWIFT_SWIFT3_OBJC_INFERENCE = Default;
				SWIFT_VERSION = 5.0;
				TEST_HOST = "$(BUILT_PRODUCTS_DIR)/BlueIntent_Example.app/BlueIntent_Example";
			};
			name = Release;
		};
/* End XCBuildConfiguration section */

/* Begin XCConfigurationList section */
		5B007E24264CD307009D3FE5 /* Build configuration list for PBXNativeTarget "BlueIntent_BezierPath_Example" */ = {
			isa = XCConfigurationList;
			buildConfigurations = (
				5B007E1E264CD307009D3FE5 /* Debug */,
				5B007E1F264CD307009D3FE5 /* Release */,
			);
			defaultConfigurationIsVisible = 0;
			defaultConfigurationName = Release;
		};
		5B007E25264CD307009D3FE5 /* Build configuration list for PBXNativeTarget "BlueIntent_BezierPath_ExampleTests" */ = {
			isa = XCConfigurationList;
			buildConfigurations = (
				5B007E20264CD307009D3FE5 /* Debug */,
				5B007E21264CD307009D3FE5 /* Release */,
			);
			defaultConfigurationIsVisible = 0;
			defaultConfigurationName = Release;
		};
		5B007E26264CD307009D3FE5 /* Build configuration list for PBXNativeTarget "BlueIntent_BezierPath_ExampleUITests" */ = {
			isa = XCConfigurationList;
			buildConfigurations = (
				5B007E22264CD307009D3FE5 /* Debug */,
				5B007E23264CD307009D3FE5 /* Release */,
			);
			defaultConfigurationIsVisible = 0;
			defaultConfigurationName = Release;
		};
		5BBD55CF25469E95007E762B /* Build configuration list for PBXNativeTarget "BlueIntent_Watch_Example WatchKit Extension" */ = {
			isa = XCConfigurationList;
			buildConfigurations = (
				5BBD55CD25469E95007E762B /* Debug */,
				5BBD55CE25469E95007E762B /* Release */,
			);
			defaultConfigurationIsVisible = 0;
			defaultConfigurationName = Release;
		};
		5BBD55D025469E95007E762B /* Build configuration list for PBXNativeTarget "BlueIntent_Watch_Example WatchKit App" */ = {
			isa = XCConfigurationList;
			buildConfigurations = (
				5BBD55CA25469E95007E762B /* Debug */,
				5BBD55CB25469E95007E762B /* Release */,
			);
			defaultConfigurationIsVisible = 0;
			defaultConfigurationName = Release;
		};
		5BBD55D125469E95007E762B /* Build configuration list for PBXNativeTarget "BlueIntent_Watch_Example" */ = {
			isa = XCConfigurationList;
			buildConfigurations = (
				5BBD55C725469E95007E762B /* Debug */,
				5BBD55C825469E95007E762B /* Release */,
			);
			defaultConfigurationIsVisible = 0;
			defaultConfigurationName = Release;
		};
		5BEBE73C288D05800083DF58 /* Build configuration list for PBXNativeTarget "BlueIntent_PAGX_Example" */ = {
			isa = XCConfigurationList;
			buildConfigurations = (
				5BEBE73A288D05800083DF58 /* Debug */,
				5BEBE73B288D05800083DF58 /* Release */,
			);
			defaultConfigurationIsVisible = 0;
			defaultConfigurationName = Release;
		};
		607FACCB1AFB9204008FA782 /* Build configuration list for PBXProject "BlueIntent" */ = {
			isa = XCConfigurationList;
			buildConfigurations = (
				607FACED1AFB9204008FA782 /* Debug */,
				607FACEE1AFB9204008FA782 /* Release */,
			);
			defaultConfigurationIsVisible = 0;
			defaultConfigurationName = Release;
		};
		607FACEF1AFB9204008FA782 /* Build configuration list for PBXNativeTarget "BlueIntent_Example" */ = {
			isa = XCConfigurationList;
			buildConfigurations = (
				607FACF01AFB9204008FA782 /* Debug */,
				607FACF11AFB9204008FA782 /* Release */,
			);
			defaultConfigurationIsVisible = 0;
			defaultConfigurationName = Release;
		};
		607FACF21AFB9204008FA782 /* Build configuration list for PBXNativeTarget "BlueIntent_Tests" */ = {
			isa = XCConfigurationList;
			buildConfigurations = (
				607FACF31AFB9204008FA782 /* Debug */,
				607FACF41AFB9204008FA782 /* Release */,
			);
			defaultConfigurationIsVisible = 0;
			defaultConfigurationName = Release;
		};
/* End XCConfigurationList section */
	};
	rootObject = 607FACC81AFB9204008FA782 /* Project object */;
}
